// !$*UTF8*$!
{
	archiveVersion = 1;
	classes = {
	};
	objectVersion = 50;
	objects = {

/* Begin PBXBuildFile section */
		45FA0F28211A1DD7001BC1E9 /* AppDelegate.swift in Sources */ = {isa = PBXBuildFile; fileRef = 45FA0F27211A1DD7001BC1E9 /* AppDelegate.swift */; };
		45FA0F2A211A1DD7001BC1E9 /* ViewController.swift in Sources */ = {isa = PBXBuildFile; fileRef = 45FA0F29211A1DD7001BC1E9 /* ViewController.swift */; };
		45FA0F2D211A1DD7001BC1E9 /* Main.storyboard in Resources */ = {isa = PBXBuildFile; fileRef = 45FA0F2B211A1DD7001BC1E9 /* Main.storyboard */; };
		45FA0F2F211A1DF1001BC1E9 /* Assets.xcassets in Resources */ = {isa = PBXBuildFile; fileRef = 45FA0F2E211A1DF1001BC1E9 /* Assets.xcassets */; };
		45FA0F32211A1DF1001BC1E9 /* LaunchScreen.storyboard in Resources */ = {isa = PBXBuildFile; fileRef = 45FA0F30211A1DF1001BC1E9 /* LaunchScreen.storyboard */; };
		B6CC6F19581FC57B07351EBF /* Pods_FBLoginTest.framework in Frameworks */ = {isa = PBXBuildFile; fileRef = A54F8C7D4517096083502D9B /* Pods_FBLoginTest.framework */; };
/* End PBXBuildFile section */

/* Begin PBXFileReference section */
		45DCE960211A1F5A0034B934 /* FBLoginTest.entitlements */ = {isa = PBXFileReference; lastKnownFileType = text.plist.entitlements; path = FBLoginTest.entitlements; sourceTree = "<group>"; };
		45FA0F24211A1DD7001BC1E9 /* FBLoginTest.app */ = {isa = PBXFileReference; explicitFileType = wrapper.application; includeInIndex = 0; path = FBLoginTest.app; sourceTree = BUILT_PRODUCTS_DIR; };
		45FA0F27211A1DD7001BC1E9 /* AppDelegate.swift */ = {isa = PBXFileReference; lastKnownFileType = sourcecode.swift; path = AppDelegate.swift; sourceTree = "<group>"; };
		45FA0F29211A1DD7001BC1E9 /* ViewController.swift */ = {isa = PBXFileReference; lastKnownFileType = sourcecode.swift; path = ViewController.swift; sourceTree = "<group>"; };
		45FA0F2C211A1DD7001BC1E9 /* Base */ = {isa = PBXFileReference; lastKnownFileType = file.storyboard; name = Base; path = Base.lproj/Main.storyboard; sourceTree = "<group>"; };
		45FA0F2E211A1DF1001BC1E9 /* Assets.xcassets */ = {isa = PBXFileReference; lastKnownFileType = folder.assetcatalog; path = Assets.xcassets; sourceTree = "<group>"; };
		45FA0F31211A1DF1001BC1E9 /* Base */ = {isa = PBXFileReference; lastKnownFileType = file.storyboard; name = Base; path = Base.lproj/LaunchScreen.storyboard; sourceTree = "<group>"; };
		45FA0F33211A1DF1001BC1E9 /* Info.plist */ = {isa = PBXFileReference; lastKnownFileType = text.plist.xml; path = Info.plist; sourceTree = "<group>"; };
		7B506A702CE0D6CB7577B05B /* Pods-FBLoginTest.release.xcconfig */ = {isa = PBXFileReference; includeInIndex = 1; lastKnownFileType = text.xcconfig; name = "Pods-FBLoginTest.release.xcconfig"; path = "Pods/Target Support Files/Pods-FBLoginTest/Pods-FBLoginTest.release.xcconfig"; sourceTree = "<group>"; };
		98C32218E43AF65793E00F85 /* Pods-FBLoginTest.debug.xcconfig */ = {isa = PBXFileReference; includeInIndex = 1; lastKnownFileType = text.xcconfig; name = "Pods-FBLoginTest.debug.xcconfig"; path = "Pods/Target Support Files/Pods-FBLoginTest/Pods-FBLoginTest.debug.xcconfig"; sourceTree = "<group>"; };
		A54F8C7D4517096083502D9B /* Pods_FBLoginTest.framework */ = {isa = PBXFileReference; explicitFileType = wrapper.framework; includeInIndex = 0; path = Pods_FBLoginTest.framework; sourceTree = BUILT_PRODUCTS_DIR; };
/* End PBXFileReference section */

/* Begin PBXFrameworksBuildPhase section */
		45FA0F21211A1DD7001BC1E9 /* Frameworks */ = {
			isa = PBXFrameworksBuildPhase;
			buildActionMask = 2147483647;
			files = (
				B6CC6F19581FC57B07351EBF /* Pods_FBLoginTest.framework in Frameworks */,
			);
			runOnlyForDeploymentPostprocessing = 0;
		};
/* End PBXFrameworksBuildPhase section */

/* Begin PBXGroup section */
		45FA0F1B211A1DD7001BC1E9 = {
			isa = PBXGroup;
			children = (
				45FA0F26211A1DD7001BC1E9 /* FBLoginTest */,
				45FA0F25211A1DD7001BC1E9 /* Products */,
				8B77C28299696EA2842855E2 /* Pods */,
				A33DDC51064D0F39546AA098 /* Frameworks */,
			);
			sourceTree = "<group>";
		};
		45FA0F25211A1DD7001BC1E9 /* Products */ = {
			isa = PBXGroup;
			children = (
				45FA0F24211A1DD7001BC1E9 /* FBLoginTest.app */,
			);
			name = Products;
			sourceTree = "<group>";
		};
		45FA0F26211A1DD7001BC1E9 /* FBLoginTest */ = {
			isa = PBXGroup;
			children = (
				45DCE960211A1F5A0034B934 /* FBLoginTest.entitlements */,
				45FA0F27211A1DD7001BC1E9 /* AppDelegate.swift */,
				45FA0F29211A1DD7001BC1E9 /* ViewController.swift */,
				45FA0F2B211A1DD7001BC1E9 /* Main.storyboard */,
				45FA0F2E211A1DF1001BC1E9 /* Assets.xcassets */,
				45FA0F30211A1DF1001BC1E9 /* LaunchScreen.storyboard */,
				45FA0F33211A1DF1001BC1E9 /* Info.plist */,
			);
			path = FBLoginTest;
			sourceTree = "<group>";
		};
		8B77C28299696EA2842855E2 /* Pods */ = {
			isa = PBXGroup;
			children = (
				98C32218E43AF65793E00F85 /* Pods-FBLoginTest.debug.xcconfig */,
				7B506A702CE0D6CB7577B05B /* Pods-FBLoginTest.release.xcconfig */,
			);
			name = Pods;
			sourceTree = "<group>";
		};
		A33DDC51064D0F39546AA098 /* Frameworks */ = {
			isa = PBXGroup;
			children = (
				A54F8C7D4517096083502D9B /* Pods_FBLoginTest.framework */,
			);
			name = Frameworks;
			sourceTree = "<group>";
		};
/* End PBXGroup section */

/* Begin PBXNativeTarget section */
		45FA0F23211A1DD7001BC1E9 /* FBLoginTest */ = {
			isa = PBXNativeTarget;
			buildConfigurationList = 45FA0F36211A1DF1001BC1E9 /* Build configuration list for PBXNativeTarget "FBLoginTest" */;
			buildPhases = (
				238D7CF4D2FD36F614FE2642 /* [CP] Check Pods Manifest.lock */,
				45FA0F20211A1DD7001BC1E9 /* Sources */,
				45FA0F21211A1DD7001BC1E9 /* Frameworks */,
				45FA0F22211A1DD7001BC1E9 /* Resources */,
				105E03CD28FF224A471D7633 /* [CP] Embed Pods Frameworks */,
				B5A5D19A1D247F4C5375DEB5 /* [CP] Copy Pods Resources */,
			);
			buildRules = (
			);
			dependencies = (
			);
			name = FBLoginTest;
			productName = FBLoginTest;
			productReference = 45FA0F24211A1DD7001BC1E9 /* FBLoginTest.app */;
			productType = "com.apple.product-type.application";
		};
/* End PBXNativeTarget section */

/* Begin PBXProject section */
		45FA0F1C211A1DD7001BC1E9 /* Project object */ = {
			isa = PBXProject;
			attributes = {
				LastSwiftUpdateCheck = 1000;
				LastUpgradeCheck = 1000;
				ORGANIZATIONNAME = ISA;
				TargetAttributes = {
					45FA0F23211A1DD7001BC1E9 = {
						CreatedOnToolsVersion = 10.0;
						SystemCapabilities = {
							com.apple.Keychain = {
								enabled = 1;
							};
						};
					};
				};
			};
			buildConfigurationList = 45FA0F1F211A1DD7001BC1E9 /* Build configuration list for PBXProject "FBLoginTest" */;
			compatibilityVersion = "Xcode 9.3";
			developmentRegion = en;
			hasScannedForEncodings = 0;
			knownRegions = (
				en,
				Base,
			);
			mainGroup = 45FA0F1B211A1DD7001BC1E9;
			productRefGroup = 45FA0F25211A1DD7001BC1E9 /* Products */;
			projectDirPath = "";
			projectRoot = "";
			targets = (
				45FA0F23211A1DD7001BC1E9 /* FBLoginTest */,
			);
		};
/* End PBXProject section */

/* Begin PBXResourcesBuildPhase section */
		45FA0F22211A1DD7001BC1E9 /* Resources */ = {
			isa = PBXResourcesBuildPhase;
			buildActionMask = 2147483647;
			files = (
				45FA0F32211A1DF1001BC1E9 /* LaunchScreen.storyboard in Resources */,
				45FA0F2F211A1DF1001BC1E9 /* Assets.xcassets in Resources */,
				45FA0F2D211A1DD7001BC1E9 /* Main.storyboard in Resources */,
			);
			runOnlyForDeploymentPostprocessing = 0;
		};
/* End PBXResourcesBuildPhase section */

/* Begin PBXShellScriptBuildPhase section */
		105E03CD28FF224A471D7633 /* [CP] Embed Pods Frameworks */ = {
			isa = PBXShellScriptBuildPhase;
			buildActionMask = 2147483647;
			files = (
			);
			inputPaths = (
				"${SRCROOT}/Pods/Target Support Files/Pods-FBLoginTest/Pods-FBLoginTest-frameworks.sh",
				"${BUILT_PRODUCTS_DIR}/Bolts/Bolts.framework",
				"${BUILT_PRODUCTS_DIR}/FBSDKCoreKit/FBSDKCoreKit.framework",
				"${BUILT_PRODUCTS_DIR}/FBSDKLoginKit/FBSDKLoginKit.framework",
			);
			name = "[CP] Embed Pods Frameworks";
			outputPaths = (
				"${TARGET_BUILD_DIR}/${FRAMEWORKS_FOLDER_PATH}/Bolts.framework",
				"${TARGET_BUILD_DIR}/${FRAMEWORKS_FOLDER_PATH}/FBSDKCoreKit.framework",
				"${TARGET_BUILD_DIR}/${FRAMEWORKS_FOLDER_PATH}/FBSDKLoginKit.framework",
			);
			runOnlyForDeploymentPostprocessing = 0;
			shellPath = /bin/sh;
			shellScript = "\"${SRCROOT}/Pods/Target Support Files/Pods-FBLoginTest/Pods-FBLoginTest-frameworks.sh\"\n";
			showEnvVarsInLog = 0;
		};
		238D7CF4D2FD36F614FE2642 /* [CP] Check Pods Manifest.lock */ = {
			isa = PBXShellScriptBuildPhase;
			buildActionMask = 2147483647;
			files = (
			);
			inputPaths = (
				"${PODS_PODFILE_DIR_PATH}/Podfile.lock",
				"${PODS_ROOT}/Manifest.lock",
			);
			name = "[CP] Check Pods Manifest.lock";
			outputPaths = (
				"$(DERIVED_FILE_DIR)/Pods-FBLoginTest-checkManifestLockResult.txt",
			);
			runOnlyForDeploymentPostprocessing = 0;
			shellPath = /bin/sh;
			shellScript = "diff \"${PODS_PODFILE_DIR_PATH}/Podfile.lock\" \"${PODS_ROOT}/Manifest.lock\" > /dev/null\nif [ $? != 0 ] ; then\n    # print error to STDERR\n    echo \"error: The sandbox is not in sync with the Podfile.lock. Run 'pod install' or update your CocoaPods installation.\" >&2\n    exit 1\nfi\n# This output is used by Xcode 'outputs' to avoid re-running this script phase.\necho \"SUCCESS\" > \"${SCRIPT_OUTPUT_FILE_0}\"\n";
			showEnvVarsInLog = 0;
		};
		B5A5D19A1D247F4C5375DEB5 /* [CP] Copy Pods Resources */ = {
			isa = PBXShellScriptBuildPhase;
			buildActionMask = 2147483647;
			files = (
			);
			inputPaths = (
			);
			name = "[CP] Copy Pods Resources";
			outputPaths = (
			);
			runOnlyForDeploymentPostprocessing = 0;
			shellPath = /bin/sh;
			shellScript = "\"${SRCROOT}/Pods/Target Support Files/Pods-FBLoginTest/Pods-FBLoginTest-resources.sh\"\n";
			showEnvVarsInLog = 0;
		};
/* End PBXShellScriptBuildPhase section */

/* Begin PBXSourcesBuildPhase section */
		45FA0F20211A1DD7001BC1E9 /* Sources */ = {
			isa = PBXSourcesBuildPhase;
			buildActionMask = 2147483647;
			files = (
				45FA0F2A211A1DD7001BC1E9 /* ViewController.swift in Sources */,
				45FA0F28211A1DD7001BC1E9 /* AppDelegate.swift in Sources */,
			);
			runOnlyForDeploymentPostprocessing = 0;
		};
/* End PBXSourcesBuildPhase section */

/* Begin PBXVariantGroup section */
		45FA0F2B211A1DD7001BC1E9 /* Main.storyboard */ = {
			isa = PBXVariantGroup;
			children = (
				45FA0F2C211A1DD7001BC1E9 /* Base */,
			);
			name = Main.storyboard;
			sourceTree = "<group>";
		};
		45FA0F30211A1DF1001BC1E9 /* LaunchScreen.storyboard */ = {
			isa = PBXVariantGroup;
			children = (
				45FA0F31211A1DF1001BC1E9 /* Base */,
			);
			name = LaunchScreen.storyboard;
			sourceTree = "<group>";
		};
/* End PBXVariantGroup section */

/* Begin XCBuildConfiguration section */
		45FA0F34211A1DF1001BC1E9 /* Debug */ = {
			isa = XCBuildConfiguration;
			buildSettings = {
				ALWAYS_SEARCH_USER_PATHS = NO;
				CLANG_ANALYZER_NONNULL = YES;
				CLANG_ANALYZER_NUMBER_OBJECT_CONVERSION = YES_AGGRESSIVE;
				CLANG_CXX_LANGUAGE_STANDARD = "gnu++14";
				CLANG_CXX_LIBRARY = "libc++";
				CLANG_ENABLE_MODULES = YES;
				CLANG_ENABLE_OBJC_ARC = YES;
				CLANG_ENABLE_OBJC_WEAK = YES;
				CLANG_WARN_BLOCK_CAPTURE_AUTORELEASING = YES;
				CLANG_WARN_BOOL_CONVERSION = YES;
				CLANG_WARN_COMMA = YES;
				CLANG_WARN_CONSTANT_CONVERSION = YES;
				CLANG_WARN_DEPRECATED_OBJC_IMPLEMENTATIONS = YES;
				CLANG_WARN_DIRECT_OBJC_ISA_USAGE = YES_ERROR;
				CLANG_WARN_DOCUMENTATION_COMMENTS = YES;
				CLANG_WARN_EMPTY_BODY = YES;
				CLANG_WARN_ENUM_CONVERSION = YES;
				CLANG_WARN_INFINITE_RECURSION = YES;
				CLANG_WARN_INT_CONVERSION = YES;
				CLANG_WARN_NON_LITERAL_NULL_CONVERSION = YES;
				CLANG_WARN_OBJC_IMPLICIT_RETAIN_SELF = YES;
				CLANG_WARN_OBJC_LITERAL_CONVERSION = YES;
				CLANG_WARN_OBJC_ROOT_CLASS = YES_ERROR;
				CLANG_WARN_RANGE_LOOP_ANALYSIS = YES;
				CLANG_WARN_STRICT_PROTOTYPES = YES;
				CLANG_WARN_SUSPICIOUS_MOVE = YES;
				CLANG_WARN_UNGUARDED_AVAILABILITY = YES_AGGRESSIVE;
				CLANG_WARN_UNREACHABLE_CODE = YES;
				CLANG_WARN__DUPLICATE_METHOD_MATCH = YES;
				CODE_SIGN_IDENTITY = "iPhone Developer";
				COPY_PHASE_STRIP = NO;
				DEBUG_INFORMATION_FORMAT = dwarf;
				ENABLE_STRICT_OBJC_MSGSEND = YES;
				ENABLE_TESTABILITY = YES;
				GCC_C_LANGUAGE_STANDARD = gnu11;
				GCC_DYNAMIC_NO_PIC = NO;
				GCC_NO_COMMON_BLOCKS = YES;
				GCC_OPTIMIZATION_LEVEL = 0;
				GCC_PREPROCESSOR_DEFINITIONS = (
					"DEBUG=1",
					"$(inherited)",
				);
				GCC_WARN_64_TO_32_BIT_CONVERSION = YES;
				GCC_WARN_ABOUT_RETURN_TYPE = YES_ERROR;
				GCC_WARN_UNDECLARED_SELECTOR = YES;
				GCC_WARN_UNINITIALIZED_AUTOS = YES_AGGRESSIVE;
				GCC_WARN_UNUSED_FUNCTION = YES;
				GCC_WARN_UNUSED_VARIABLE = YES;
				IPHONEOS_DEPLOYMENT_TARGET = 12.0;
				MTL_ENABLE_DEBUG_INFO = INCLUDE_SOURCE;
				MTL_FAST_MATH = YES;
				ONLY_ACTIVE_ARCH = YES;
				SDKROOT = iphoneos;
				SWIFT_ACTIVE_COMPILATION_CONDITIONS = DEBUG;
				SWIFT_OPTIMIZATION_LEVEL = "-Onone";
			};
			name = Debug;
		};
		45FA0F35211A1DF1001BC1E9 /* Release */ = {
			isa = XCBuildConfiguration;
			buildSettings = {
				ALWAYS_SEARCH_USER_PATHS = NO;
				CLANG_ANALYZER_NONNULL = YES;
				CLANG_ANALYZER_NUMBER_OBJECT_CONVERSION = YES_AGGRESSIVE;
				CLANG_CXX_LANGUAGE_STANDARD = "gnu++14";
				CLANG_CXX_LIBRARY = "libc++";
				CLANG_ENABLE_MODULES = YES;
				CLANG_ENABLE_OBJC_ARC = YES;
				CLANG_ENABLE_OBJC_WEAK = YES;
				CLANG_WARN_BLOCK_CAPTURE_AUTORELEASING = YES;
				CLANG_WARN_BOOL_CONVERSION = YES;
				CLANG_WARN_COMMA = YES;
				CLANG_WARN_CONSTANT_CONVERSION = YES;
				CLANG_WARN_DEPRECATED_OBJC_IMPLEMENTATIONS = YES;
				CLANG_WARN_DIRECT_OBJC_ISA_USAGE = YES_ERROR;
				CLANG_WARN_DOCUMENTATION_COMMENTS = YES;
				CLANG_WARN_EMPTY_BODY = YES;
				CLANG_WARN_ENUM_CONVERSION = YES;
				CLANG_WARN_INFINITE_RECURSION = YES;
				CLANG_WARN_INT_CONVERSION = YES;
				CLANG_WARN_NON_LITERAL_NULL_CONVERSION = YES;
				CLANG_WARN_OBJC_IMPLICIT_RETAIN_SELF = YES;
				CLANG_WARN_OBJC_LITERAL_CONVERSION = YES;
				CLANG_WARN_OBJC_ROOT_CLASS = YES_ERROR;
				CLANG_WARN_RANGE_LOOP_ANALYSIS = YES;
				CLANG_WARN_STRICT_PROTOTYPES = YES;
				CLANG_WARN_SUSPICIOUS_MOVE = YES;
				CLANG_WARN_UNGUARDED_AVAILABILITY = YES_AGGRESSIVE;
				CLANG_WARN_UNREACHABLE_CODE = YES;
				CLANG_WARN__DUPLICATE_METHOD_MATCH = YES;
				CODE_SIGN_IDENTITY = "iPhone Developer";
				COPY_PHASE_STRIP = NO;
				DEBUG_INFORMATION_FORMAT = "dwarf-with-dsym";
				ENABLE_NS_ASSERTIONS = NO;
				ENABLE_STRICT_OBJC_MSGSEND = YES;
				GCC_C_LANGUAGE_STANDARD = gnu11;
				GCC_NO_COMMON_BLOCKS = YES;
				GCC_WARN_64_TO_32_BIT_CONVERSION = YES;
				GCC_WARN_ABOUT_RETURN_TYPE = YES_ERROR;
				GCC_WARN_UNDECLARED_SELECTOR = YES;
				GCC_WARN_UNINITIALIZED_AUTOS = YES_AGGRESSIVE;
				GCC_WARN_UNUSED_FUNCTION = YES;
				GCC_WARN_UNUSED_VARIABLE = YES;
				IPHONEOS_DEPLOYMENT_TARGET = 12.0;
				MTL_ENABLE_DEBUG_INFO = NO;
				MTL_FAST_MATH = YES;
				SDKROOT = iphoneos;
				SWIFT_COMPILATION_MODE = wholemodule;
				SWIFT_OPTIMIZATION_LEVEL = "-O";
				VALIDATE_PRODUCT = YES;
			};
			name = Release;
		};
		45FA0F37211A1DF1001BC1E9 /* Debug */ = {
			isa = XCBuildConfiguration;
			baseConfigurationReference = 98C32218E43AF65793E00F85 /* Pods-FBLoginTest.debug.xcconfig */;
			buildSettings = {
				ASSETCATALOG_COMPILER_APPICON_NAME = AppIcon;
				CODE_SIGN_ENTITLEMENTS = FBLoginTest/FBLoginTest.entitlements;
				CODE_SIGN_STYLE = Automatic;
				DEVELOPMENT_TEAM = 83SR592X38;
				INFOPLIST_FILE = FBLoginTest/Info.plist;
				IPHONEOS_DEPLOYMENT_TARGET = 11.4;
				LD_RUNPATH_SEARCH_PATHS = (
					"$(inherited)",
					"@executable_path/Frameworks",
				);
				PRODUCT_BUNDLE_IDENTIFIER = com.isa.FBLoginTest;
				PRODUCT_NAME = "$(TARGET_NAME)";
				SWIFT_VERSION = 4.2;
				TARGETED_DEVICE_FAMILY = "1,2";
			};
			name = Debug;
		};
		45FA0F38211A1DF1001BC1E9 /* Release */ = {
			isa = XCBuildConfiguration;
			baseConfigurationReference = 7B506A702CE0D6CB7577B05B /* Pods-FBLoginTest.release.xcconfig */;
			buildSettings = {
				ASSETCATALOG_COMPILER_APPICON_NAME = AppIcon;
				CODE_SIGN_ENTITLEMENTS = FBLoginTest/FBLoginTest.entitlements;
				CODE_SIGN_STYLE = Automatic;
				DEVELOPMENT_TEAM = 83SR592X38;
				INFOPLIST_FILE = FBLoginTest/Info.plist;
				IPHONEOS_DEPLOYMENT_TARGET = 11.4;
				LD_RUNPATH_SEARCH_PATHS = (
					"$(inherited)",
					"@executable_path/Frameworks",
				);
				PRODUCT_BUNDLE_IDENTIFIER = com.isa.FBLoginTest;
				PRODUCT_NAME = "$(TARGET_NAME)";
				SWIFT_VERSION = 4.2;
				TARGETED_DEVICE_FAMILY = "1,2";
			};
			name = Release;
		};
/* End XCBuildConfiguration section */

/* Begin XCConfigurationList section */
		45FA0F1F211A1DD7001BC1E9 /* Build configuration list for PBXProject "FBLoginTest" */ = {
			isa = XCConfigurationList;
			buildConfigurations = (
				45FA0F34211A1DF1001BC1E9 /* Debug */,
				45FA0F35211A1DF1001BC1E9 /* Release */,
			);
			defaultConfigurationIsVisible = 0;
			defaultConfigurationName = Release;
		};
		45FA0F36211A1DF1001BC1E9 /* Build configuration list for PBXNativeTarget "FBLoginTest" */ = {
			isa = XCConfigurationList;
			buildConfigurations = (
				45FA0F37211A1DF1001BC1E9 /* Debug */,
				45FA0F38211A1DF1001BC1E9 /* Release */,
			);
			defaultConfigurationIsVisible = 0;
			defaultConfigurationName = Release;
		};
/* End XCConfigurationList section */
	};
	rootObject = 45FA0F1C211A1DD7001BC1E9 /* Project object */;
}
