// !$*UTF8*$!
{
	archiveVersion = 1;
	classes = {
	};
	objectVersion = 48;
	objects = {

/* Begin PBXBuildFile section */
		45121BFF1FBE51A400778510 /* AppDelegate.swift in Sources */ = {isa = PBXBuildFile; fileRef = 45121BFE1FBE51A400778510 /* AppDelegate.swift */; };
		45121C011FBE51A400778510 /* ViewController.swift in Sources */ = {isa = PBXBuildFile; fileRef = 45121C001FBE51A400778510 /* ViewController.swift */; };
		45121C041FBE51A400778510 /* Main.storyboard in Resources */ = {isa = PBXBuildFile; fileRef = 45121C021FBE51A400778510 /* Main.storyboard */; };
		45121C071FBE51A500778510 /* VideoCamera.xcdatamodeld in Sources */ = {isa = PBXBuildFile; fileRef = 45121C051FBE51A400778510 /* VideoCamera.xcdatamodeld */; };
		45121C091FBE51A500778510 /* Assets.xcassets in Resources */ = {isa = PBXBuildFile; fileRef = 45121C081FBE51A500778510 /* Assets.xcassets */; };
		45121C0C1FBE51A500778510 /* LaunchScreen.storyboard in Resources */ = {isa = PBXBuildFile; fileRef = 45121C0A1FBE51A500778510 /* LaunchScreen.storyboard */; };
		45121C171FBE51A500778510 /* VideoCameraTests.swift in Sources */ = {isa = PBXBuildFile; fileRef = 45121C161FBE51A500778510 /* VideoCameraTests.swift */; };
		45121C221FBE51A500778510 /* VideoCameraUITests.swift in Sources */ = {isa = PBXBuildFile; fileRef = 45121C211FBE51A500778510 /* VideoCameraUITests.swift */; };
		45121C301FBE65FF00778510 /* PlayerViewController.swift in Sources */ = {isa = PBXBuildFile; fileRef = 45121C2F1FBE65FF00778510 /* PlayerViewController.swift */; };
		4517E6A71FBF5A73002BF5F2 /* MainPageViewController.swift in Sources */ = {isa = PBXBuildFile; fileRef = 4517E6A61FBF5A73002BF5F2 /* MainPageViewController.swift */; };
/* End PBXBuildFile section */

/* Begin PBXContainerItemProxy section */
		45121C131FBE51A500778510 /* PBXContainerItemProxy */ = {
			isa = PBXContainerItemProxy;
			containerPortal = 45121BF31FBE51A400778510 /* Project object */;
			proxyType = 1;
			remoteGlobalIDString = 45121BFA1FBE51A400778510;
			remoteInfo = VideoCamera;
		};
		45121C1E1FBE51A500778510 /* PBXContainerItemProxy */ = {
			isa = PBXContainerItemProxy;
			containerPortal = 45121BF31FBE51A400778510 /* Project object */;
			proxyType = 1;
			remoteGlobalIDString = 45121BFA1FBE51A400778510;
			remoteInfo = VideoCamera;
		};
/* End PBXContainerItemProxy section */

/* Begin PBXFileReference section */
		45121BFB1FBE51A400778510 /* VideoCamera.app */ = {isa = PBXFileReference; explicitFileType = wrapper.application; includeInIndex = 0; path = VideoCamera.app; sourceTree = BUILT_PRODUCTS_DIR; };
		45121BFE1FBE51A400778510 /* AppDelegate.swift */ = {isa = PBXFileReference; lastKnownFileType = sourcecode.swift; path = AppDelegate.swift; sourceTree = "<group>"; };
		45121C001FBE51A400778510 /* ViewController.swift */ = {isa = PBXFileReference; lastKnownFileType = sourcecode.swift; path = ViewController.swift; sourceTree = "<group>"; };
		45121C031FBE51A400778510 /* Base */ = {isa = PBXFileReference; lastKnownFileType = file.storyboard; name = Base; path = Base.lproj/Main.storyboard; sourceTree = "<group>"; };
		45121C061FBE51A400778510 /* VideoCamera.xcdatamodel */ = {isa = PBXFileReference; lastKnownFileType = wrapper.xcdatamodel; path = VideoCamera.xcdatamodel; sourceTree = "<group>"; };
		45121C081FBE51A500778510 /* Assets.xcassets */ = {isa = PBXFileReference; lastKnownFileType = folder.assetcatalog; path = Assets.xcassets; sourceTree = "<group>"; };
		45121C0B1FBE51A500778510 /* Base */ = {isa = PBXFileReference; lastKnownFileType = file.storyboard; name = Base; path = Base.lproj/LaunchScreen.storyboard; sourceTree = "<group>"; };
		45121C0D1FBE51A500778510 /* Info.plist */ = {isa = PBXFileReference; lastKnownFileType = text.plist.xml; path = Info.plist; sourceTree = "<group>"; };
		45121C121FBE51A500778510 /* VideoCameraTests.xctest */ = {isa = PBXFileReference; explicitFileType = wrapper.cfbundle; includeInIndex = 0; path = VideoCameraTests.xctest; sourceTree = BUILT_PRODUCTS_DIR; };
		45121C161FBE51A500778510 /* VideoCameraTests.swift */ = {isa = PBXFileReference; lastKnownFileType = sourcecode.swift; path = VideoCameraTests.swift; sourceTree = "<group>"; };
		45121C181FBE51A500778510 /* Info.plist */ = {isa = PBXFileReference; lastKnownFileType = text.plist.xml; path = Info.plist; sourceTree = "<group>"; };
		45121C1D1FBE51A500778510 /* VideoCameraUITests.xctest */ = {isa = PBXFileReference; explicitFileType = wrapper.cfbundle; includeInIndex = 0; path = VideoCameraUITests.xctest; sourceTree = BUILT_PRODUCTS_DIR; };
		45121C211FBE51A500778510 /* VideoCameraUITests.swift */ = {isa = PBXFileReference; lastKnownFileType = sourcecode.swift; path = VideoCameraUITests.swift; sourceTree = "<group>"; };
		45121C231FBE51A500778510 /* Info.plist */ = {isa = PBXFileReference; lastKnownFileType = text.plist.xml; path = Info.plist; sourceTree = "<group>"; };
		45121C2F1FBE65FF00778510 /* PlayerViewController.swift */ = {isa = PBXFileReference; lastKnownFileType = sourcecode.swift; path = PlayerViewController.swift; sourceTree = "<group>"; };
		4517E6A61FBF5A73002BF5F2 /* MainPageViewController.swift */ = {isa = PBXFileReference; lastKnownFileType = sourcecode.swift; path = MainPageViewController.swift; sourceTree = "<group>"; };
/* End PBXFileReference section */

/* Begin PBXFrameworksBuildPhase section */
		45121BF81FBE51A400778510 /* Frameworks */ = {
			isa = PBXFrameworksBuildPhase;
			buildActionMask = 2147483647;
			files = (
			);
			runOnlyForDeploymentPostprocessing = 0;
		};
		45121C0F1FBE51A500778510 /* Frameworks */ = {
			isa = PBXFrameworksBuildPhase;
			buildActionMask = 2147483647;
			files = (
			);
			runOnlyForDeploymentPostprocessing = 0;
		};
		45121C1A1FBE51A500778510 /* Frameworks */ = {
			isa = PBXFrameworksBuildPhase;
			buildActionMask = 2147483647;
			files = (
			);
			runOnlyForDeploymentPostprocessing = 0;
		};
/* End PBXFrameworksBuildPhase section */

/* Begin PBXGroup section */
		45121BF21FBE51A400778510 = {
			isa = PBXGroup;
			children = (
				45121BFD1FBE51A400778510 /* VideoCamera */,
				45121C151FBE51A500778510 /* VideoCameraTests */,
				45121C201FBE51A500778510 /* VideoCameraUITests */,
				45121BFC1FBE51A400778510 /* Products */,
			);
			sourceTree = "<group>";
		};
		45121BFC1FBE51A400778510 /* Products */ = {
			isa = PBXGroup;
			children = (
				45121BFB1FBE51A400778510 /* VideoCamera.app */,
				45121C121FBE51A500778510 /* VideoCameraTests.xctest */,
				45121C1D1FBE51A500778510 /* VideoCameraUITests.xctest */,
			);
			name = Products;
			sourceTree = "<group>";
		};
		45121BFD1FBE51A400778510 /* VideoCamera */ = {
			isa = PBXGroup;
			children = (
				45121BFE1FBE51A400778510 /* AppDelegate.swift */,
				45121C001FBE51A400778510 /* ViewController.swift */,
				4517E6A61FBF5A73002BF5F2 /* MainPageViewController.swift */,
				45121C2F1FBE65FF00778510 /* PlayerViewController.swift */,
				45121C021FBE51A400778510 /* Main.storyboard */,
				45121C081FBE51A500778510 /* Assets.xcassets */,
				45121C0A1FBE51A500778510 /* LaunchScreen.storyboard */,
				45121C0D1FBE51A500778510 /* Info.plist */,
				45121C051FBE51A400778510 /* VideoCamera.xcdatamodeld */,
			);
			path = VideoCamera;
			sourceTree = "<group>";
		};
		45121C151FBE51A500778510 /* VideoCameraTests */ = {
			isa = PBXGroup;
			children = (
				45121C161FBE51A500778510 /* VideoCameraTests.swift */,
				45121C181FBE51A500778510 /* Info.plist */,
			);
			path = VideoCameraTests;
			sourceTree = "<group>";
		};
		45121C201FBE51A500778510 /* VideoCameraUITests */ = {
			isa = PBXGroup;
			children = (
				45121C211FBE51A500778510 /* VideoCameraUITests.swift */,
				45121C231FBE51A500778510 /* Info.plist */,
			);
			path = VideoCameraUITests;
			sourceTree = "<group>";
		};
/* End PBXGroup section */

/* Begin PBXNativeTarget section */
		45121BFA1FBE51A400778510 /* VideoCamera */ = {
			isa = PBXNativeTarget;
			buildConfigurationList = 45121C261FBE51A500778510 /* Build configuration list for PBXNativeTarget "VideoCamera" */;
			buildPhases = (
				45121BF71FBE51A400778510 /* Sources */,
				45121BF81FBE51A400778510 /* Frameworks */,
				45121BF91FBE51A400778510 /* Resources */,
			);
			buildRules = (
			);
			dependencies = (
			);
			name = VideoCamera;
			productName = VideoCamera;
			productReference = 45121BFB1FBE51A400778510 /* VideoCamera.app */;
			productType = "com.apple.product-type.application";
		};
		45121C111FBE51A500778510 /* VideoCameraTests */ = {
			isa = PBXNativeTarget;
			buildConfigurationList = 45121C291FBE51A500778510 /* Build configuration list for PBXNativeTarget "VideoCameraTests" */;
			buildPhases = (
				45121C0E1FBE51A500778510 /* Sources */,
				45121C0F1FBE51A500778510 /* Frameworks */,
				45121C101FBE51A500778510 /* Resources */,
			);
			buildRules = (
			);
			dependencies = (
				45121C141FBE51A500778510 /* PBXTargetDependency */,
			);
			name = VideoCameraTests;
			productName = VideoCameraTests;
			productReference = 45121C121FBE51A500778510 /* VideoCameraTests.xctest */;
			productType = "com.apple.product-type.bundle.unit-test";
		};
		45121C1C1FBE51A500778510 /* VideoCameraUITests */ = {
			isa = PBXNativeTarget;
			buildConfigurationList = 45121C2C1FBE51A500778510 /* Build configuration list for PBXNativeTarget "VideoCameraUITests" */;
			buildPhases = (
				45121C191FBE51A500778510 /* Sources */,
				45121C1A1FBE51A500778510 /* Frameworks */,
				45121C1B1FBE51A500778510 /* Resources */,
			);
			buildRules = (
			);
			dependencies = (
				45121C1F1FBE51A500778510 /* PBXTargetDependency */,
			);
			name = VideoCameraUITests;
			productName = VideoCameraUITests;
			productReference = 45121C1D1FBE51A500778510 /* VideoCameraUITests.xctest */;
			productType = "com.apple.product-type.bundle.ui-testing";
		};
/* End PBXNativeTarget section */

/* Begin PBXProject section */
		45121BF31FBE51A400778510 /* Project object */ = {
			isa = PBXProject;
			attributes = {
				LastSwiftUpdateCheck = 0910;
				LastUpgradeCheck = 0910;
				ORGANIZATIONNAME = ISA;
				TargetAttributes = {
					45121BFA1FBE51A400778510 = {
						CreatedOnToolsVersion = 9.1;
						ProvisioningStyle = Automatic;
					};
					45121C111FBE51A500778510 = {
						CreatedOnToolsVersion = 9.1;
						ProvisioningStyle = Automatic;
						TestTargetID = 45121BFA1FBE51A400778510;
					};
					45121C1C1FBE51A500778510 = {
						CreatedOnToolsVersion = 9.1;
						ProvisioningStyle = Automatic;
						TestTargetID = 45121BFA1FBE51A400778510;
					};
				};
			};
			buildConfigurationList = 45121BF61FBE51A400778510 /* Build configuration list for PBXProject "VideoCamera" */;
			compatibilityVersion = "Xcode 8.0";
			developmentRegion = en;
			hasScannedForEncodings = 0;
			knownRegions = (
				en,
				Base,
			);
			mainGroup = 45121BF21FBE51A400778510;
			productRefGroup = 45121BFC1FBE51A400778510 /* Products */;
			projectDirPath = "";
			projectRoot = "";
			targets = (
				45121BFA1FBE51A400778510 /* VideoCamera */,
				45121C111FBE51A500778510 /* VideoCameraTests */,
				45121C1C1FBE51A500778510 /* VideoCameraUITests */,
			);
		};
/* End PBXProject section */

/* Begin PBXResourcesBuildPhase section */
		45121BF91FBE51A400778510 /* Resources */ = {
			isa = PBXResourcesBuildPhase;
			buildActionMask = 2147483647;
			files = (
				45121C0C1FBE51A500778510 /* LaunchScreen.storyboard in Resources */,
				45121C091FBE51A500778510 /* Assets.xcassets in Resources */,
				45121C041FBE51A400778510 /* Main.storyboard in Resources */,
			);
			runOnlyForDeploymentPostprocessing = 0;
		};
		45121C101FBE51A500778510 /* Resources */ = {
			isa = PBXResourcesBuildPhase;
			buildActionMask = 2147483647;
			files = (
			);
			runOnlyForDeploymentPostprocessing = 0;
		};
		45121C1B1FBE51A500778510 /* Resources */ = {
			isa = PBXResourcesBuildPhase;
			buildActionMask = 2147483647;
			files = (
			);
			runOnlyForDeploymentPostprocessing = 0;
		};
/* End PBXResourcesBuildPhase section */

/* Begin PBXSourcesBuildPhase section */
		45121BF71FBE51A400778510 /* Sources */ = {
			isa = PBXSourcesBuildPhase;
			buildActionMask = 2147483647;
			files = (
				4517E6A71FBF5A73002BF5F2 /* MainPageViewController.swift in Sources */,
				45121C011FBE51A400778510 /* ViewController.swift in Sources */,
				45121C301FBE65FF00778510 /* PlayerViewController.swift in Sources */,
				45121BFF1FBE51A400778510 /* AppDelegate.swift in Sources */,
				45121C071FBE51A500778510 /* VideoCamera.xcdatamodeld in Sources */,
			);
			runOnlyForDeploymentPostprocessing = 0;
		};
		45121C0E1FBE51A500778510 /* Sources */ = {
			isa = PBXSourcesBuildPhase;
			buildActionMask = 2147483647;
			files = (
				45121C171FBE51A500778510 /* VideoCameraTests.swift in Sources */,
			);
			runOnlyForDeploymentPostprocessing = 0;
		};
		45121C191FBE51A500778510 /* Sources */ = {
			isa = PBXSourcesBuildPhase;
			buildActionMask = 2147483647;
			files = (
				45121C221FBE51A500778510 /* VideoCameraUITests.swift in Sources */,
			);
			runOnlyForDeploymentPostprocessing = 0;
		};
/* End PBXSourcesBuildPhase section */

/* Begin PBXTargetDependency section */
		45121C141FBE51A500778510 /* PBXTargetDependency */ = {
			isa = PBXTargetDependency;
			target = 45121BFA1FBE51A400778510 /* VideoCamera */;
			targetProxy = 45121C131FBE51A500778510 /* PBXContainerItemProxy */;
		};
		45121C1F1FBE51A500778510 /* PBXTargetDependency */ = {
			isa = PBXTargetDependency;
			target = 45121BFA1FBE51A400778510 /* VideoCamera */;
			targetProxy = 45121C1E1FBE51A500778510 /* PBXContainerItemProxy */;
		};
/* End PBXTargetDependency section */

/* Begin PBXVariantGroup section */
		45121C021FBE51A400778510 /* Main.storyboard */ = {
			isa = PBXVariantGroup;
			children = (
				45121C031FBE51A400778510 /* Base */,
			);
			name = Main.storyboard;
			sourceTree = "<group>";
		};
		45121C0A1FBE51A500778510 /* LaunchScreen.storyboard */ = {
			isa = PBXVariantGroup;
			children = (
				45121C0B1FBE51A500778510 /* Base */,
			);
			name = LaunchScreen.storyboard;
			sourceTree = "<group>";
		};
/* End PBXVariantGroup section */

/* Begin XCBuildConfiguration section */
		45121C241FBE51A500778510 /* Debug */ = {
			isa = XCBuildConfiguration;
			buildSettings = {
				ALWAYS_SEARCH_USER_PATHS = NO;
				CLANG_ANALYZER_NONNULL = YES;
				CLANG_ANALYZER_NUMBER_OBJECT_CONVERSION = YES_AGGRESSIVE;
				CLANG_CXX_LANGUAGE_STANDARD = "gnu++14";
				CLANG_CXX_LIBRARY = "libc++";
				CLANG_ENABLE_MODULES = YES;
				CLANG_ENABLE_OBJC_ARC = YES;
				CLANG_WARN_BLOCK_CAPTURE_AUTORELEASING = YES;
				CLANG_WARN_BOOL_CONVERSION = YES;
				CLANG_WARN_COMMA = YES;
				CLANG_WARN_CONSTANT_CONVERSION = YES;
				CLANG_WARN_DIRECT_OBJC_ISA_USAGE = YES_ERROR;
				CLANG_WARN_DOCUMENTATION_COMMENTS = YES;
				CLANG_WARN_EMPTY_BODY = YES;
				CLANG_WARN_ENUM_CONVERSION = YES;
				CLANG_WARN_INFINITE_RECURSION = YES;
				CLANG_WARN_INT_CONVERSION = YES;
				CLANG_WARN_NON_LITERAL_NULL_CONVERSION = YES;
				CLANG_WARN_OBJC_LITERAL_CONVERSION = YES;
				CLANG_WARN_OBJC_ROOT_CLASS = YES_ERROR;
				CLANG_WARN_RANGE_LOOP_ANALYSIS = YES;
				CLANG_WARN_STRICT_PROTOTYPES = YES;
				CLANG_WARN_SUSPICIOUS_MOVE = YES;
				CLANG_WARN_UNGUARDED_AVAILABILITY = YES_AGGRESSIVE;
				CLANG_WARN_UNREACHABLE_CODE = YES;
				CLANG_WARN__DUPLICATE_METHOD_MATCH = YES;
				CODE_SIGN_IDENTITY = "iPhone Developer";
				COPY_PHASE_STRIP = NO;
				DEBUG_INFORMATION_FORMAT = dwarf;
				ENABLE_STRICT_OBJC_MSGSEND = YES;
				ENABLE_TESTABILITY = YES;
				GCC_C_LANGUAGE_STANDARD = gnu11;
				GCC_DYNAMIC_NO_PIC = NO;
				GCC_NO_COMMON_BLOCKS = YES;
				GCC_OPTIMIZATION_LEVEL = 0;
				GCC_PREPROCESSOR_DEFINITIONS = (
					"DEBUG=1",
					"$(inherited)",
				);
				GCC_WARN_64_TO_32_BIT_CONVERSION = YES;
				GCC_WARN_ABOUT_RETURN_TYPE = YES_ERROR;
				GCC_WARN_UNDECLARED_SELECTOR = YES;
				GCC_WARN_UNINITIALIZED_AUTOS = YES_AGGRESSIVE;
				GCC_WARN_UNUSED_FUNCTION = YES;
				GCC_WARN_UNUSED_VARIABLE = YES;
				IPHONEOS_DEPLOYMENT_TARGET = 11.1;
				MTL_ENABLE_DEBUG_INFO = YES;
				ONLY_ACTIVE_ARCH = YES;
				SDKROOT = iphoneos;
				SWIFT_ACTIVE_COMPILATION_CONDITIONS = DEBUG;
				SWIFT_OPTIMIZATION_LEVEL = "-Onone";
			};
			name = Debug;
		};
		45121C251FBE51A500778510 /* Release */ = {
			isa = XCBuildConfiguration;
			buildSettings = {
				ALWAYS_SEARCH_USER_PATHS = NO;
				CLANG_ANALYZER_NONNULL = YES;
				CLANG_ANALYZER_NUMBER_OBJECT_CONVERSION = YES_AGGRESSIVE;
				CLANG_CXX_LANGUAGE_STANDARD = "gnu++14";
				CLANG_CXX_LIBRARY = "libc++";
				CLANG_ENABLE_MODULES = YES;
				CLANG_ENABLE_OBJC_ARC = YES;
				CLANG_WARN_BLOCK_CAPTURE_AUTORELEASING = YES;
				CLANG_WARN_BOOL_CONVERSION = YES;
				CLANG_WARN_COMMA = YES;
				CLANG_WARN_CONSTANT_CONVERSION = YES;
				CLANG_WARN_DIRECT_OBJC_ISA_USAGE = YES_ERROR;
				CLANG_WARN_DOCUMENTATION_COMMENTS = YES;
				CLANG_WARN_EMPTY_BODY = YES;
				CLANG_WARN_ENUM_CONVERSION = YES;
				CLANG_WARN_INFINITE_RECURSION = YES;
				CLANG_WARN_INT_CONVERSION = YES;
				CLANG_WARN_NON_LITERAL_NULL_CONVERSION = YES;
				CLANG_WARN_OBJC_LITERAL_CONVERSION = YES;
				CLANG_WARN_OBJC_ROOT_CLASS = YES_ERROR;
				CLANG_WARN_RANGE_LOOP_ANALYSIS = YES;
				CLANG_WARN_STRICT_PROTOTYPES = YES;
				CLANG_WARN_SUSPICIOUS_MOVE = YES;
				CLANG_WARN_UNGUARDED_AVAILABILITY = YES_AGGRESSIVE;
				CLANG_WARN_UNREACHABLE_CODE = YES;
				CLANG_WARN__DUPLICATE_METHOD_MATCH = YES;
				CODE_SIGN_IDENTITY = "iPhone Developer";
				COPY_PHASE_STRIP = NO;
				DEBUG_INFORMATION_FORMAT = "dwarf-with-dsym";
				ENABLE_NS_ASSERTIONS = NO;
				ENABLE_STRICT_OBJC_MSGSEND = YES;
				GCC_C_LANGUAGE_STANDARD = gnu11;
				GCC_NO_COMMON_BLOCKS = YES;
				GCC_WARN_64_TO_32_BIT_CONVERSION = YES;
				GCC_WARN_ABOUT_RETURN_TYPE = YES_ERROR;
				GCC_WARN_UNDECLARED_SELECTOR = YES;
				GCC_WARN_UNINITIALIZED_AUTOS = YES_AGGRESSIVE;
				GCC_WARN_UNUSED_FUNCTION = YES;
				GCC_WARN_UNUSED_VARIABLE = YES;
				IPHONEOS_DEPLOYMENT_TARGET = 11.1;
				MTL_ENABLE_DEBUG_INFO = NO;
				SDKROOT = iphoneos;
				SWIFT_OPTIMIZATION_LEVEL = "-Owholemodule";
				VALIDATE_PRODUCT = YES;
			};
			name = Release;
		};
		45121C271FBE51A500778510 /* Debug */ = {
			isa = XCBuildConfiguration;
			buildSettings = {
				ASSETCATALOG_COMPILER_APPICON_NAME = AppIcon;
				CODE_SIGN_STYLE = Automatic;
				DEVELOPMENT_TEAM = 83SR592X38;
				INFOPLIST_FILE = VideoCamera/Info.plist;
				LD_RUNPATH_SEARCH_PATHS = "$(inherited) @executable_path/Frameworks";
				PRODUCT_BUNDLE_IDENTIFIER = com.isa.VideoCamera;
				PRODUCT_NAME = "$(TARGET_NAME)";
				SWIFT_VERSION = 4.0;
				TARGETED_DEVICE_FAMILY = "1,2";
			};
			name = Debug;
		};
		45121C281FBE51A500778510 /* Release */ = {
			isa = XCBuildConfiguration;
			buildSettings = {
				ASSETCATALOG_COMPILER_APPICON_NAME = AppIcon;
				CODE_SIGN_STYLE = Automatic;
				DEVELOPMENT_TEAM = 83SR592X38;
				INFOPLIST_FILE = VideoCamera/Info.plist;
				LD_RUNPATH_SEARCH_PATHS = "$(inherited) @executable_path/Frameworks";
				PRODUCT_BUNDLE_IDENTIFIER = com.isa.VideoCamera;
				PRODUCT_NAME = "$(TARGET_NAME)";
				SWIFT_VERSION = 4.0;
				TARGETED_DEVICE_FAMILY = "1,2";
			};
			name = Release;
		};
		45121C2A1FBE51A500778510 /* Debug */ = {
			isa = XCBuildConfiguration;
			buildSettings = {
				ALWAYS_EMBED_SWIFT_STANDARD_LIBRARIES = YES;
				BUNDLE_LOADER = "$(TEST_HOST)";
				CODE_SIGN_STYLE = Automatic;
				DEVELOPMENT_TEAM = 83SR592X38;
				INFOPLIST_FILE = VideoCameraTests/Info.plist;
				LD_RUNPATH_SEARCH_PATHS = "$(inherited) @executable_path/Frameworks @loader_path/Frameworks";
				PRODUCT_BUNDLE_IDENTIFIER = com.isa.VideoCameraTests;
				PRODUCT_NAME = "$(TARGET_NAME)";
				SWIFT_VERSION = 4.0;
				TARGETED_DEVICE_FAMILY = "1,2";
				TEST_HOST = "$(BUILT_PRODUCTS_DIR)/VideoCamera.app/VideoCamera";
			};
			name = Debug;
		};
		45121C2B1FBE51A500778510 /* Release */ = {
			isa = XCBuildConfiguration;
			buildSettings = {
				ALWAYS_EMBED_SWIFT_STANDARD_LIBRARIES = YES;
				BUNDLE_LOADER = "$(TEST_HOST)";
				CODE_SIGN_STYLE = Automatic;
				DEVELOPMENT_TEAM = 83SR592X38;
				INFOPLIST_FILE = VideoCameraTests/Info.plist;
				LD_RUNPATH_SEARCH_PATHS = "$(inherited) @executable_path/Frameworks @loader_path/Frameworks";
				PRODUCT_BUNDLE_IDENTIFIER = com.isa.VideoCameraTests;
				PRODUCT_NAME = "$(TARGET_NAME)";
				SWIFT_VERSION = 4.0;
				TARGETED_DEVICE_FAMILY = "1,2";
				TEST_HOST = "$(BUILT_PRODUCTS_DIR)/VideoCamera.app/VideoCamera";
			};
			name = Release;
		};
		45121C2D1FBE51A500778510 /* Debug */ = {
			isa = XCBuildConfiguration;
			buildSettings = {
				ALWAYS_EMBED_SWIFT_STANDARD_LIBRARIES = YES;
				CODE_SIGN_STYLE = Automatic;
				DEVELOPMENT_TEAM = 83SR592X38;
				INFOPLIST_FILE = VideoCameraUITests/Info.plist;
				LD_RUNPATH_SEARCH_PATHS = "$(inherited) @executable_path/Frameworks @loader_path/Frameworks";
				PRODUCT_BUNDLE_IDENTIFIER = com.isa.VideoCameraUITests;
				PRODUCT_NAME = "$(TARGET_NAME)";
				SWIFT_VERSION = 4.0;
				TARGETED_DEVICE_FAMILY = "1,2";
				TEST_TARGET_NAME = VideoCamera;
			};
			name = Debug;
		};
		45121C2E1FBE51A500778510 /* Release */ = {
			isa = XCBuildConfiguration;
			buildSettings = {
				ALWAYS_EMBED_SWIFT_STANDARD_LIBRARIES = YES;
				CODE_SIGN_STYLE = Automatic;
				DEVELOPMENT_TEAM = 83SR592X38;
				INFOPLIST_FILE = VideoCameraUITests/Info.plist;
				LD_RUNPATH_SEARCH_PATHS = "$(inherited) @executable_path/Frameworks @loader_path/Frameworks";
				PRODUCT_BUNDLE_IDENTIFIER = com.isa.VideoCameraUITests;
				PRODUCT_NAME = "$(TARGET_NAME)";
				SWIFT_VERSION = 4.0;
				TARGETED_DEVICE_FAMILY = "1,2";
				TEST_TARGET_NAME = VideoCamera;
			};
			name = Release;
		};
/* End XCBuildConfiguration section */

/* Begin XCConfigurationList section */
		45121BF61FBE51A400778510 /* Build configuration list for PBXProject "VideoCamera" */ = {
			isa = XCConfigurationList;
			buildConfigurations = (
				45121C241FBE51A500778510 /* Debug */,
				45121C251FBE51A500778510 /* Release */,
			);
			defaultConfigurationIsVisible = 0;
			defaultConfigurationName = Release;
		};
		45121C261FBE51A500778510 /* Build configuration list for PBXNativeTarget "VideoCamera" */ = {
			isa = XCConfigurationList;
			buildConfigurations = (
				45121C271FBE51A500778510 /* Debug */,
				45121C281FBE51A500778510 /* Release */,
			);
			defaultConfigurationIsVisible = 0;
			defaultConfigurationName = Release;
		};
		45121C291FBE51A500778510 /* Build configuration list for PBXNativeTarget "VideoCameraTests" */ = {
			isa = XCConfigurationList;
			buildConfigurations = (
				45121C2A1FBE51A500778510 /* Debug */,
				45121C2B1FBE51A500778510 /* Release */,
			);
			defaultConfigurationIsVisible = 0;
			defaultConfigurationName = Release;
		};
		45121C2C1FBE51A500778510 /* Build configuration list for PBXNativeTarget "VideoCameraUITests" */ = {
			isa = XCConfigurationList;
			buildConfigurations = (
				45121C2D1FBE51A500778510 /* Debug */,
				45121C2E1FBE51A500778510 /* Release */,
			);
			defaultConfigurationIsVisible = 0;
			defaultConfigurationName = Release;
		};
/* End XCConfigurationList section */

/* Begin XCVersionGroup section */
		45121C051FBE51A400778510 /* VideoCamera.xcdatamodeld */ = {
			isa = XCVersionGroup;
			children = (
				45121C061FBE51A400778510 /* VideoCamera.xcdatamodel */,
			);
			currentVersion = 45121C061FBE51A400778510 /* VideoCamera.xcdatamodel */;
			path = VideoCamera.xcdatamodeld;
			sourceTree = "<group>";
			versionGroupType = wrapper.xcdatamodel;
		};
/* End XCVersionGroup section */
	};
	rootObject = 45121BF31FBE51A400778510 /* Project object */;
}
