// !$*UTF8*$!
{
	archiveVersion = 1;
	classes = {
	};
	objectVersion = 50;
	objects = {

/* Begin PBXBuildFile section */
		45A9DB7D20EBCE2D005CB66D /* AppDelegate.swift in Sources */ = {isa = PBXBuildFile; fileRef = 45A9DB7C20EBCE2D005CB66D /* AppDelegate.swift */; };
		45A9DB7F20EBCE2D005CB66D /* ViewController.swift in Sources */ = {isa = PBXBuildFile; fileRef = 45A9DB7E20EBCE2D005CB66D /* ViewController.swift */; };
		45A9DB8220EBCE2D005CB66D /* Main.storyboard in Resources */ = {isa = PBXBuildFile; fileRef = 45A9DB8020EBCE2D005CB66D /* Main.storyboard */; };
		45A9DB8520EBCE2D005CB66D /* Core_Data_Demo.xcdatamodeld in Sources */ = {isa = PBXBuildFile; fileRef = 45A9DB8320EBCE2D005CB66D /* Core_Data_Demo.xcdatamodeld */; };
		45A9DB8720EBCE55005CB66D /* Assets.xcassets in Resources */ = {isa = PBXBuildFile; fileRef = 45A9DB8620EBCE55005CB66D /* Assets.xcassets */; };
		45A9DB8A20EBCE55005CB66D /* LaunchScreen.storyboard in Resources */ = {isa = PBXBuildFile; fileRef = 45A9DB8820EBCE55005CB66D /* LaunchScreen.storyboard */; };
		45BFFA9B20EBD6B5003D3E21 /* LoginCoreDataViewController.swift in Sources */ = {isa = PBXBuildFile; fileRef = 45BFFA9A20EBD6B5003D3E21 /* LoginCoreDataViewController.swift */; };
/* End PBXBuildFile section */

/* Begin PBXFileReference section */
		45A9DB7920EBCE2D005CB66D /* Core Data Demo.app */ = {isa = PBXFileReference; explicitFileType = wrapper.application; includeInIndex = 0; path = "Core Data Demo.app"; sourceTree = BUILT_PRODUCTS_DIR; };
		45A9DB7C20EBCE2D005CB66D /* AppDelegate.swift */ = {isa = PBXFileReference; lastKnownFileType = sourcecode.swift; path = AppDelegate.swift; sourceTree = "<group>"; };
		45A9DB7E20EBCE2D005CB66D /* ViewController.swift */ = {isa = PBXFileReference; lastKnownFileType = sourcecode.swift; path = ViewController.swift; sourceTree = "<group>"; };
		45A9DB8120EBCE2D005CB66D /* Base */ = {isa = PBXFileReference; lastKnownFileType = file.storyboard; name = Base; path = Base.lproj/Main.storyboard; sourceTree = "<group>"; };
		45A9DB8420EBCE2D005CB66D /* Core_Data_Demo.xcdatamodel */ = {isa = PBXFileReference; lastKnownFileType = wrapper.xcdatamodel; path = Core_Data_Demo.xcdatamodel; sourceTree = "<group>"; };
		45A9DB8620EBCE55005CB66D /* Assets.xcassets */ = {isa = PBXFileReference; lastKnownFileType = folder.assetcatalog; path = Assets.xcassets; sourceTree = "<group>"; };
		45A9DB8920EBCE55005CB66D /* Base */ = {isa = PBXFileReference; lastKnownFileType = file.storyboard; name = Base; path = Base.lproj/LaunchScreen.storyboard; sourceTree = "<group>"; };
		45A9DB8B20EBCE55005CB66D /* Info.plist */ = {isa = PBXFileReference; lastKnownFileType = text.plist.xml; path = Info.plist; sourceTree = "<group>"; };
		45BFFA9A20EBD6B5003D3E21 /* LoginCoreDataViewController.swift */ = {isa = PBXFileReference; lastKnownFileType = sourcecode.swift; path = LoginCoreDataViewController.swift; sourceTree = "<group>"; };
/* End PBXFileReference section */

/* Begin PBXFrameworksBuildPhase section */
		45A9DB7620EBCE2D005CB66D /* Frameworks */ = {
			isa = PBXFrameworksBuildPhase;
			buildActionMask = 2147483647;
			files = (
			);
			runOnlyForDeploymentPostprocessing = 0;
		};
/* End PBXFrameworksBuildPhase section */

/* Begin PBXGroup section */
		45A9DB7020EBCE2C005CB66D = {
			isa = PBXGroup;
			children = (
				45A9DB7B20EBCE2D005CB66D /* Core Data Demo */,
				45A9DB7A20EBCE2D005CB66D /* Products */,
			);
			sourceTree = "<group>";
		};
		45A9DB7A20EBCE2D005CB66D /* Products */ = {
			isa = PBXGroup;
			children = (
				45A9DB7920EBCE2D005CB66D /* Core Data Demo.app */,
			);
			name = Products;
			sourceTree = "<group>";
		};
		45A9DB7B20EBCE2D005CB66D /* Core Data Demo */ = {
			isa = PBXGroup;
			children = (
				45A9DB7C20EBCE2D005CB66D /* AppDelegate.swift */,
				45A9DB7E20EBCE2D005CB66D /* ViewController.swift */,
				45BFFA9A20EBD6B5003D3E21 /* LoginCoreDataViewController.swift */,
				45A9DB8020EBCE2D005CB66D /* Main.storyboard */,
				45A9DB8620EBCE55005CB66D /* Assets.xcassets */,
				45A9DB8820EBCE55005CB66D /* LaunchScreen.storyboard */,
				45A9DB8B20EBCE55005CB66D /* Info.plist */,
				45A9DB8320EBCE2D005CB66D /* Core_Data_Demo.xcdatamodeld */,
			);
			path = "Core Data Demo";
			sourceTree = "<group>";
		};
/* End PBXGroup section */

/* Begin PBXNativeTarget section */
		45A9DB7820EBCE2D005CB66D /* Core Data Demo */ = {
			isa = PBXNativeTarget;
			buildConfigurationList = 45A9DB8E20EBCE55005CB66D /* Build configuration list for PBXNativeTarget "Core Data Demo" */;
			buildPhases = (
				45A9DB7520EBCE2D005CB66D /* Sources */,
				45A9DB7620EBCE2D005CB66D /* Frameworks */,
				45A9DB7720EBCE2D005CB66D /* Resources */,
			);
			buildRules = (
			);
			dependencies = (
			);
			name = "Core Data Demo";
			productName = "Core Data Demo";
			productReference = 45A9DB7920EBCE2D005CB66D /* Core Data Demo.app */;
			productType = "com.apple.product-type.application";
		};
/* End PBXNativeTarget section */

/* Begin PBXProject section */
		45A9DB7120EBCE2C005CB66D /* Project object */ = {
			isa = PBXProject;
			attributes = {
				LastSwiftUpdateCheck = 1000;
				LastUpgradeCheck = 1000;
				ORGANIZATIONNAME = ISA;
				TargetAttributes = {
					45A9DB7820EBCE2D005CB66D = {
						CreatedOnToolsVersion = 10.0;
					};
				};
			};
			buildConfigurationList = 45A9DB7420EBCE2C005CB66D /* Build configuration list for PBXProject "Core Data Demo" */;
			compatibilityVersion = "Xcode 9.3";
			developmentRegion = en;
			hasScannedForEncodings = 0;
			knownRegions = (
				en,
				Base,
			);
			mainGroup = 45A9DB7020EBCE2C005CB66D;
			productRefGroup = 45A9DB7A20EBCE2D005CB66D /* Products */;
			projectDirPath = "";
			projectRoot = "";
			targets = (
				45A9DB7820EBCE2D005CB66D /* Core Data Demo */,
			);
		};
/* End PBXProject section */

/* Begin PBXResourcesBuildPhase section */
		45A9DB7720EBCE2D005CB66D /* Resources */ = {
			isa = PBXResourcesBuildPhase;
			buildActionMask = 2147483647;
			files = (
				45A9DB8A20EBCE55005CB66D /* LaunchScreen.storyboard in Resources */,
				45A9DB8720EBCE55005CB66D /* Assets.xcassets in Resources */,
				45A9DB8220EBCE2D005CB66D /* Main.storyboard in Resources */,
			);
			runOnlyForDeploymentPostprocessing = 0;
		};
/* End PBXResourcesBuildPhase section */

/* Begin PBXSourcesBuildPhase section */
		45A9DB7520EBCE2D005CB66D /* Sources */ = {
			isa = PBXSourcesBuildPhase;
			buildActionMask = 2147483647;
			files = (
				45A9DB7F20EBCE2D005CB66D /* ViewController.swift in Sources */,
				45BFFA9B20EBD6B5003D3E21 /* LoginCoreDataViewController.swift in Sources */,
				45A9DB8520EBCE2D005CB66D /* Core_Data_Demo.xcdatamodeld in Sources */,
				45A9DB7D20EBCE2D005CB66D /* AppDelegate.swift in Sources */,
			);
			runOnlyForDeploymentPostprocessing = 0;
		};
/* End PBXSourcesBuildPhase section */

/* Begin PBXVariantGroup section */
		45A9DB8020EBCE2D005CB66D /* Main.storyboard */ = {
			isa = PBXVariantGroup;
			children = (
				45A9DB8120EBCE2D005CB66D /* Base */,
			);
			name = Main.storyboard;
			sourceTree = "<group>";
		};
		45A9DB8820EBCE55005CB66D /* LaunchScreen.storyboard */ = {
			isa = PBXVariantGroup;
			children = (
				45A9DB8920EBCE55005CB66D /* Base */,
			);
			name = LaunchScreen.storyboard;
			sourceTree = "<group>";
		};
/* End PBXVariantGroup section */

/* Begin XCBuildConfiguration section */
		45A9DB8C20EBCE55005CB66D /* Debug */ = {
			isa = XCBuildConfiguration;
			buildSettings = {
				ALWAYS_SEARCH_USER_PATHS = NO;
				CLANG_ANALYZER_NONNULL = YES;
				CLANG_ANALYZER_NUMBER_OBJECT_CONVERSION = YES_AGGRESSIVE;
				CLANG_CXX_LANGUAGE_STANDARD = "gnu++14";
				CLANG_CXX_LIBRARY = "libc++";
				CLANG_ENABLE_MODULES = YES;
				CLANG_ENABLE_OBJC_ARC = YES;
				CLANG_ENABLE_OBJC_WEAK = YES;
				CLANG_WARN_BLOCK_CAPTURE_AUTORELEASING = YES;
				CLANG_WARN_BOOL_CONVERSION = YES;
				CLANG_WARN_COMMA = YES;
				CLANG_WARN_CONSTANT_CONVERSION = YES;
				CLANG_WARN_DEPRECATED_OBJC_IMPLEMENTATIONS = YES;
				CLANG_WARN_DIRECT_OBJC_ISA_USAGE = YES_ERROR;
				CLANG_WARN_DOCUMENTATION_COMMENTS = YES;
				CLANG_WARN_EMPTY_BODY = YES;
				CLANG_WARN_ENUM_CONVERSION = YES;
				CLANG_WARN_INFINITE_RECURSION = YES;
				CLANG_WARN_INT_CONVERSION = YES;
				CLANG_WARN_NON_LITERAL_NULL_CONVERSION = YES;
				CLANG_WARN_OBJC_IMPLICIT_RETAIN_SELF = YES;
				CLANG_WARN_OBJC_LITERAL_CONVERSION = YES;
				CLANG_WARN_OBJC_ROOT_CLASS = YES_ERROR;
				CLANG_WARN_RANGE_LOOP_ANALYSIS = YES;
				CLANG_WARN_STRICT_PROTOTYPES = YES;
				CLANG_WARN_SUSPICIOUS_MOVE = YES;
				CLANG_WARN_UNGUARDED_AVAILABILITY = YES_AGGRESSIVE;
				CLANG_WARN_UNREACHABLE_CODE = YES;
				CLANG_WARN__DUPLICATE_METHOD_MATCH = YES;
				CODE_SIGN_IDENTITY = "iPhone Developer";
				COPY_PHASE_STRIP = NO;
				DEBUG_INFORMATION_FORMAT = dwarf;
				ENABLE_STRICT_OBJC_MSGSEND = YES;
				ENABLE_TESTABILITY = YES;
				GCC_C_LANGUAGE_STANDARD = gnu11;
				GCC_DYNAMIC_NO_PIC = NO;
				GCC_NO_COMMON_BLOCKS = YES;
				GCC_OPTIMIZATION_LEVEL = 0;
				GCC_PREPROCESSOR_DEFINITIONS = (
					"DEBUG=1",
					"$(inherited)",
				);
				GCC_WARN_64_TO_32_BIT_CONVERSION = YES;
				GCC_WARN_ABOUT_RETURN_TYPE = YES_ERROR;
				GCC_WARN_UNDECLARED_SELECTOR = YES;
				GCC_WARN_UNINITIALIZED_AUTOS = YES_AGGRESSIVE;
				GCC_WARN_UNUSED_FUNCTION = YES;
				GCC_WARN_UNUSED_VARIABLE = YES;
				IPHONEOS_DEPLOYMENT_TARGET = 12.0;
				MTL_ENABLE_DEBUG_INFO = INCLUDE_SOURCE;
				ONLY_ACTIVE_ARCH = YES;
				SDKROOT = iphoneos;
				SWIFT_ACTIVE_COMPILATION_CONDITIONS = DEBUG;
				SWIFT_OPTIMIZATION_LEVEL = "-Onone";
			};
			name = Debug;
		};
		45A9DB8D20EBCE55005CB66D /* Release */ = {
			isa = XCBuildConfiguration;
			buildSettings = {
				ALWAYS_SEARCH_USER_PATHS = NO;
				CLANG_ANALYZER_NONNULL = YES;
				CLANG_ANALYZER_NUMBER_OBJECT_CONVERSION = YES_AGGRESSIVE;
				CLANG_CXX_LANGUAGE_STANDARD = "gnu++14";
				CLANG_CXX_LIBRARY = "libc++";
				CLANG_ENABLE_MODULES = YES;
				CLANG_ENABLE_OBJC_ARC = YES;
				CLANG_ENABLE_OBJC_WEAK = YES;
				CLANG_WARN_BLOCK_CAPTURE_AUTORELEASING = YES;
				CLANG_WARN_BOOL_CONVERSION = YES;
				CLANG_WARN_COMMA = YES;
				CLANG_WARN_CONSTANT_CONVERSION = YES;
				CLANG_WARN_DEPRECATED_OBJC_IMPLEMENTATIONS = YES;
				CLANG_WARN_DIRECT_OBJC_ISA_USAGE = YES_ERROR;
				CLANG_WARN_DOCUMENTATION_COMMENTS = YES;
				CLANG_WARN_EMPTY_BODY = YES;
				CLANG_WARN_ENUM_CONVERSION = YES;
				CLANG_WARN_INFINITE_RECURSION = YES;
				CLANG_WARN_INT_CONVERSION = YES;
				CLANG_WARN_NON_LITERAL_NULL_CONVERSION = YES;
				CLANG_WARN_OBJC_IMPLICIT_RETAIN_SELF = YES;
				CLANG_WARN_OBJC_LITERAL_CONVERSION = YES;
				CLANG_WARN_OBJC_ROOT_CLASS = YES_ERROR;
				CLANG_WARN_RANGE_LOOP_ANALYSIS = YES;
				CLANG_WARN_STRICT_PROTOTYPES = YES;
				CLANG_WARN_SUSPICIOUS_MOVE = YES;
				CLANG_WARN_UNGUARDED_AVAILABILITY = YES_AGGRESSIVE;
				CLANG_WARN_UNREACHABLE_CODE = YES;
				CLANG_WARN__DUPLICATE_METHOD_MATCH = YES;
				CODE_SIGN_IDENTITY = "iPhone Developer";
				COPY_PHASE_STRIP = NO;
				DEBUG_INFORMATION_FORMAT = "dwarf-with-dsym";
				ENABLE_NS_ASSERTIONS = NO;
				ENABLE_STRICT_OBJC_MSGSEND = YES;
				GCC_C_LANGUAGE_STANDARD = gnu11;
				GCC_NO_COMMON_BLOCKS = YES;
				GCC_WARN_64_TO_32_BIT_CONVERSION = YES;
				GCC_WARN_ABOUT_RETURN_TYPE = YES_ERROR;
				GCC_WARN_UNDECLARED_SELECTOR = YES;
				GCC_WARN_UNINITIALIZED_AUTOS = YES_AGGRESSIVE;
				GCC_WARN_UNUSED_FUNCTION = YES;
				GCC_WARN_UNUSED_VARIABLE = YES;
				IPHONEOS_DEPLOYMENT_TARGET = 12.0;
				MTL_ENABLE_DEBUG_INFO = NO;
				SDKROOT = iphoneos;
				SWIFT_COMPILATION_MODE = wholemodule;
				SWIFT_OPTIMIZATION_LEVEL = "-O";
				VALIDATE_PRODUCT = YES;
			};
			name = Release;
		};
		45A9DB8F20EBCE55005CB66D /* Debug */ = {
			isa = XCBuildConfiguration;
			buildSettings = {
				ASSETCATALOG_COMPILER_APPICON_NAME = AppIcon;
				CODE_SIGN_STYLE = Automatic;
				DEVELOPMENT_TEAM = 7FFN2SHW2X;
				INFOPLIST_FILE = "Core Data Demo/Info.plist";
				LD_RUNPATH_SEARCH_PATHS = (
					"$(inherited)",
					"@executable_path/Frameworks",
				);
				PRODUCT_BUNDLE_IDENTIFIER = "com.isa.Core-Data-Demo";
				PRODUCT_NAME = "$(TARGET_NAME)";
				SWIFT_VERSION = 4.2;
				TARGETED_DEVICE_FAMILY = "1,2";
			};
			name = Debug;
		};
		45A9DB9020EBCE55005CB66D /* Release */ = {
			isa = XCBuildConfiguration;
			buildSettings = {
				ASSETCATALOG_COMPILER_APPICON_NAME = AppIcon;
				CODE_SIGN_STYLE = Automatic;
				DEVELOPMENT_TEAM = 7FFN2SHW2X;
				INFOPLIST_FILE = "Core Data Demo/Info.plist";
				LD_RUNPATH_SEARCH_PATHS = (
					"$(inherited)",
					"@executable_path/Frameworks",
				);
				PRODUCT_BUNDLE_IDENTIFIER = "com.isa.Core-Data-Demo";
				PRODUCT_NAME = "$(TARGET_NAME)";
				SWIFT_VERSION = 4.2;
				TARGETED_DEVICE_FAMILY = "1,2";
			};
			name = Release;
		};
/* End XCBuildConfiguration section */

/* Begin XCConfigurationList section */
		45A9DB7420EBCE2C005CB66D /* Build configuration list for PBXProject "Core Data Demo" */ = {
			isa = XCConfigurationList;
			buildConfigurations = (
				45A9DB8C20EBCE55005CB66D /* Debug */,
				45A9DB8D20EBCE55005CB66D /* Release */,
			);
			defaultConfigurationIsVisible = 0;
			defaultConfigurationName = Release;
		};
		45A9DB8E20EBCE55005CB66D /* Build configuration list for PBXNativeTarget "Core Data Demo" */ = {
			isa = XCConfigurationList;
			buildConfigurations = (
				45A9DB8F20EBCE55005CB66D /* Debug */,
				45A9DB9020EBCE55005CB66D /* Release */,
			);
			defaultConfigurationIsVisible = 0;
			defaultConfigurationName = Release;
		};
/* End XCConfigurationList section */

/* Begin XCVersionGroup section */
		45A9DB8320EBCE2D005CB66D /* Core_Data_Demo.xcdatamodeld */ = {
			isa = XCVersionGroup;
			children = (
				45A9DB8420EBCE2D005CB66D /* Core_Data_Demo.xcdatamodel */,
			);
			currentVersion = 45A9DB8420EBCE2D005CB66D /* Core_Data_Demo.xcdatamodel */;
			path = Core_Data_Demo.xcdatamodeld;
			sourceTree = "<group>";
			versionGroupType = wrapper.xcdatamodel;
		};
/* End XCVersionGroup section */
	};
	rootObject = 45A9DB7120EBCE2C005CB66D /* Project object */;
}
