// !$*UTF8*$!
{
	archiveVersion = 1;
	classes = {
	};
	objectVersion = 48;
	objects = {

/* Begin PBXBuildFile section */
		45121BBE1FBDDF4900778510 /* AppDelegate.swift in Sources */ = {isa = PBXBuildFile; fileRef = 45121BBD1FBDDF4900778510 /* AppDelegate.swift */; };
		45121BC01FBDDF4900778510 /* ViewController.swift in Sources */ = {isa = PBXBuildFile; fileRef = 45121BBF1FBDDF4900778510 /* ViewController.swift */; };
		45121BC31FBDDF4A00778510 /* Main.storyboard in Resources */ = {isa = PBXBuildFile; fileRef = 45121BC11FBDDF4A00778510 /* Main.storyboard */; };
		45121BC61FBDDF4A00778510 /* CustomCamera.xcdatamodeld in Sources */ = {isa = PBXBuildFile; fileRef = 45121BC41FBDDF4A00778510 /* CustomCamera.xcdatamodeld */; };
		45121BC81FBDDF4A00778510 /* Assets.xcassets in Resources */ = {isa = PBXBuildFile; fileRef = 45121BC71FBDDF4A00778510 /* Assets.xcassets */; };
		45121BCB1FBDDF4A00778510 /* LaunchScreen.storyboard in Resources */ = {isa = PBXBuildFile; fileRef = 45121BC91FBDDF4A00778510 /* LaunchScreen.storyboard */; };
		45121BD61FBDDF4A00778510 /* CustomCameraTests.swift in Sources */ = {isa = PBXBuildFile; fileRef = 45121BD51FBDDF4A00778510 /* CustomCameraTests.swift */; };
		45121BE11FBDDF4A00778510 /* CustomCameraUITests.swift in Sources */ = {isa = PBXBuildFile; fileRef = 45121BE01FBDDF4A00778510 /* CustomCameraUITests.swift */; };
		45121BF11FBE020C00778510 /* PreviewViewController.swift in Sources */ = {isa = PBXBuildFile; fileRef = 45121BF01FBE020C00778510 /* PreviewViewController.swift */; };
/* End PBXBuildFile section */

/* Begin PBXContainerItemProxy section */
		45121BD21FBDDF4A00778510 /* PBXContainerItemProxy */ = {
			isa = PBXContainerItemProxy;
			containerPortal = 45121BB21FBDDF4900778510 /* Project object */;
			proxyType = 1;
			remoteGlobalIDString = 45121BB91FBDDF4900778510;
			remoteInfo = CustomCamera;
		};
		45121BDD1FBDDF4A00778510 /* PBXContainerItemProxy */ = {
			isa = PBXContainerItemProxy;
			containerPortal = 45121BB21FBDDF4900778510 /* Project object */;
			proxyType = 1;
			remoteGlobalIDString = 45121BB91FBDDF4900778510;
			remoteInfo = CustomCamera;
		};
/* End PBXContainerItemProxy section */

/* Begin PBXFileReference section */
		45121BBA1FBDDF4900778510 /* CustomCamera.app */ = {isa = PBXFileReference; explicitFileType = wrapper.application; includeInIndex = 0; path = CustomCamera.app; sourceTree = BUILT_PRODUCTS_DIR; };
		45121BBD1FBDDF4900778510 /* AppDelegate.swift */ = {isa = PBXFileReference; lastKnownFileType = sourcecode.swift; path = AppDelegate.swift; sourceTree = "<group>"; };
		45121BBF1FBDDF4900778510 /* ViewController.swift */ = {isa = PBXFileReference; lastKnownFileType = sourcecode.swift; path = ViewController.swift; sourceTree = "<group>"; };
		45121BC21FBDDF4A00778510 /* Base */ = {isa = PBXFileReference; lastKnownFileType = file.storyboard; name = Base; path = Base.lproj/Main.storyboard; sourceTree = "<group>"; };
		45121BC51FBDDF4A00778510 /* CustomCamera.xcdatamodel */ = {isa = PBXFileReference; lastKnownFileType = wrapper.xcdatamodel; path = CustomCamera.xcdatamodel; sourceTree = "<group>"; };
		45121BC71FBDDF4A00778510 /* Assets.xcassets */ = {isa = PBXFileReference; lastKnownFileType = folder.assetcatalog; path = Assets.xcassets; sourceTree = "<group>"; };
		45121BCA1FBDDF4A00778510 /* Base */ = {isa = PBXFileReference; lastKnownFileType = file.storyboard; name = Base; path = Base.lproj/LaunchScreen.storyboard; sourceTree = "<group>"; };
		45121BCC1FBDDF4A00778510 /* Info.plist */ = {isa = PBXFileReference; lastKnownFileType = text.plist.xml; path = Info.plist; sourceTree = "<group>"; };
		45121BD11FBDDF4A00778510 /* CustomCameraTests.xctest */ = {isa = PBXFileReference; explicitFileType = wrapper.cfbundle; includeInIndex = 0; path = CustomCameraTests.xctest; sourceTree = BUILT_PRODUCTS_DIR; };
		45121BD51FBDDF4A00778510 /* CustomCameraTests.swift */ = {isa = PBXFileReference; lastKnownFileType = sourcecode.swift; path = CustomCameraTests.swift; sourceTree = "<group>"; };
		45121BD71FBDDF4A00778510 /* Info.plist */ = {isa = PBXFileReference; lastKnownFileType = text.plist.xml; path = Info.plist; sourceTree = "<group>"; };
		45121BDC1FBDDF4A00778510 /* CustomCameraUITests.xctest */ = {isa = PBXFileReference; explicitFileType = wrapper.cfbundle; includeInIndex = 0; path = CustomCameraUITests.xctest; sourceTree = BUILT_PRODUCTS_DIR; };
		45121BE01FBDDF4A00778510 /* CustomCameraUITests.swift */ = {isa = PBXFileReference; lastKnownFileType = sourcecode.swift; path = CustomCameraUITests.swift; sourceTree = "<group>"; };
		45121BE21FBDDF4A00778510 /* Info.plist */ = {isa = PBXFileReference; lastKnownFileType = text.plist.xml; path = Info.plist; sourceTree = "<group>"; };
		45121BF01FBE020C00778510 /* PreviewViewController.swift */ = {isa = PBXFileReference; lastKnownFileType = sourcecode.swift; path = PreviewViewController.swift; sourceTree = "<group>"; };
/* End PBXFileReference section */

/* Begin PBXFrameworksBuildPhase section */
		45121BB71FBDDF4900778510 /* Frameworks */ = {
			isa = PBXFrameworksBuildPhase;
			buildActionMask = 2147483647;
			files = (
			);
			runOnlyForDeploymentPostprocessing = 0;
		};
		45121BCE1FBDDF4A00778510 /* Frameworks */ = {
			isa = PBXFrameworksBuildPhase;
			buildActionMask = 2147483647;
			files = (
			);
			runOnlyForDeploymentPostprocessing = 0;
		};
		45121BD91FBDDF4A00778510 /* Frameworks */ = {
			isa = PBXFrameworksBuildPhase;
			buildActionMask = 2147483647;
			files = (
			);
			runOnlyForDeploymentPostprocessing = 0;
		};
/* End PBXFrameworksBuildPhase section */

/* Begin PBXGroup section */
		45121BB11FBDDF4900778510 = {
			isa = PBXGroup;
			children = (
				45121BBC1FBDDF4900778510 /* CustomCamera */,
				45121BD41FBDDF4A00778510 /* CustomCameraTests */,
				45121BDF1FBDDF4A00778510 /* CustomCameraUITests */,
				45121BBB1FBDDF4900778510 /* Products */,
			);
			sourceTree = "<group>";
		};
		45121BBB1FBDDF4900778510 /* Products */ = {
			isa = PBXGroup;
			children = (
				45121BBA1FBDDF4900778510 /* CustomCamera.app */,
				45121BD11FBDDF4A00778510 /* CustomCameraTests.xctest */,
				45121BDC1FBDDF4A00778510 /* CustomCameraUITests.xctest */,
			);
			name = Products;
			sourceTree = "<group>";
		};
		45121BBC1FBDDF4900778510 /* CustomCamera */ = {
			isa = PBXGroup;
			children = (
				45121BBD1FBDDF4900778510 /* AppDelegate.swift */,
				45121BF01FBE020C00778510 /* PreviewViewController.swift */,
				45121BBF1FBDDF4900778510 /* ViewController.swift */,
				45121BC11FBDDF4A00778510 /* Main.storyboard */,
				45121BC71FBDDF4A00778510 /* Assets.xcassets */,
				45121BC91FBDDF4A00778510 /* LaunchScreen.storyboard */,
				45121BCC1FBDDF4A00778510 /* Info.plist */,
				45121BC41FBDDF4A00778510 /* CustomCamera.xcdatamodeld */,
			);
			path = CustomCamera;
			sourceTree = "<group>";
		};
		45121BD41FBDDF4A00778510 /* CustomCameraTests */ = {
			isa = PBXGroup;
			children = (
				45121BD51FBDDF4A00778510 /* CustomCameraTests.swift */,
				45121BD71FBDDF4A00778510 /* Info.plist */,
			);
			path = CustomCameraTests;
			sourceTree = "<group>";
		};
		45121BDF1FBDDF4A00778510 /* CustomCameraUITests */ = {
			isa = PBXGroup;
			children = (
				45121BE01FBDDF4A00778510 /* CustomCameraUITests.swift */,
				45121BE21FBDDF4A00778510 /* Info.plist */,
			);
			path = CustomCameraUITests;
			sourceTree = "<group>";
		};
/* End PBXGroup section */

/* Begin PBXNativeTarget section */
		45121BB91FBDDF4900778510 /* CustomCamera */ = {
			isa = PBXNativeTarget;
			buildConfigurationList = 45121BE51FBDDF4A00778510 /* Build configuration list for PBXNativeTarget "CustomCamera" */;
			buildPhases = (
				45121BB61FBDDF4900778510 /* Sources */,
				45121BB71FBDDF4900778510 /* Frameworks */,
				45121BB81FBDDF4900778510 /* Resources */,
			);
			buildRules = (
			);
			dependencies = (
			);
			name = CustomCamera;
			productName = CustomCamera;
			productReference = 45121BBA1FBDDF4900778510 /* CustomCamera.app */;
			productType = "com.apple.product-type.application";
		};
		45121BD01FBDDF4A00778510 /* CustomCameraTests */ = {
			isa = PBXNativeTarget;
			buildConfigurationList = 45121BE81FBDDF4A00778510 /* Build configuration list for PBXNativeTarget "CustomCameraTests" */;
			buildPhases = (
				45121BCD1FBDDF4A00778510 /* Sources */,
				45121BCE1FBDDF4A00778510 /* Frameworks */,
				45121BCF1FBDDF4A00778510 /* Resources */,
			);
			buildRules = (
			);
			dependencies = (
				45121BD31FBDDF4A00778510 /* PBXTargetDependency */,
			);
			name = CustomCameraTests;
			productName = CustomCameraTests;
			productReference = 45121BD11FBDDF4A00778510 /* CustomCameraTests.xctest */;
			productType = "com.apple.product-type.bundle.unit-test";
		};
		45121BDB1FBDDF4A00778510 /* CustomCameraUITests */ = {
			isa = PBXNativeTarget;
			buildConfigurationList = 45121BEB1FBDDF4A00778510 /* Build configuration list for PBXNativeTarget "CustomCameraUITests" */;
			buildPhases = (
				45121BD81FBDDF4A00778510 /* Sources */,
				45121BD91FBDDF4A00778510 /* Frameworks */,
				45121BDA1FBDDF4A00778510 /* Resources */,
			);
			buildRules = (
			);
			dependencies = (
				45121BDE1FBDDF4A00778510 /* PBXTargetDependency */,
			);
			name = CustomCameraUITests;
			productName = CustomCameraUITests;
			productReference = 45121BDC1FBDDF4A00778510 /* CustomCameraUITests.xctest */;
			productType = "com.apple.product-type.bundle.ui-testing";
		};
/* End PBXNativeTarget section */

/* Begin PBXProject section */
		45121BB21FBDDF4900778510 /* Project object */ = {
			isa = PBXProject;
			attributes = {
				LastSwiftUpdateCheck = 0910;
				LastUpgradeCheck = 0910;
				ORGANIZATIONNAME = ISA;
				TargetAttributes = {
					45121BB91FBDDF4900778510 = {
						CreatedOnToolsVersion = 9.1;
						ProvisioningStyle = Automatic;
					};
					45121BD01FBDDF4A00778510 = {
						CreatedOnToolsVersion = 9.1;
						ProvisioningStyle = Automatic;
						TestTargetID = 45121BB91FBDDF4900778510;
					};
					45121BDB1FBDDF4A00778510 = {
						CreatedOnToolsVersion = 9.1;
						ProvisioningStyle = Automatic;
						TestTargetID = 45121BB91FBDDF4900778510;
					};
				};
			};
			buildConfigurationList = 45121BB51FBDDF4900778510 /* Build configuration list for PBXProject "CustomCamera" */;
			compatibilityVersion = "Xcode 8.0";
			developmentRegion = en;
			hasScannedForEncodings = 0;
			knownRegions = (
				en,
				Base,
			);
			mainGroup = 45121BB11FBDDF4900778510;
			productRefGroup = 45121BBB1FBDDF4900778510 /* Products */;
			projectDirPath = "";
			projectRoot = "";
			targets = (
				45121BB91FBDDF4900778510 /* CustomCamera */,
				45121BD01FBDDF4A00778510 /* CustomCameraTests */,
				45121BDB1FBDDF4A00778510 /* CustomCameraUITests */,
			);
		};
/* End PBXProject section */

/* Begin PBXResourcesBuildPhase section */
		45121BB81FBDDF4900778510 /* Resources */ = {
			isa = PBXResourcesBuildPhase;
			buildActionMask = 2147483647;
			files = (
				45121BCB1FBDDF4A00778510 /* LaunchScreen.storyboard in Resources */,
				45121BC81FBDDF4A00778510 /* Assets.xcassets in Resources */,
				45121BC31FBDDF4A00778510 /* Main.storyboard in Resources */,
			);
			runOnlyForDeploymentPostprocessing = 0;
		};
		45121BCF1FBDDF4A00778510 /* Resources */ = {
			isa = PBXResourcesBuildPhase;
			buildActionMask = 2147483647;
			files = (
			);
			runOnlyForDeploymentPostprocessing = 0;
		};
		45121BDA1FBDDF4A00778510 /* Resources */ = {
			isa = PBXResourcesBuildPhase;
			buildActionMask = 2147483647;
			files = (
			);
			runOnlyForDeploymentPostprocessing = 0;
		};
/* End PBXResourcesBuildPhase section */

/* Begin PBXSourcesBuildPhase section */
		45121BB61FBDDF4900778510 /* Sources */ = {
			isa = PBXSourcesBuildPhase;
			buildActionMask = 2147483647;
			files = (
				45121BC01FBDDF4900778510 /* ViewController.swift in Sources */,
				45121BC61FBDDF4A00778510 /* CustomCamera.xcdatamodeld in Sources */,
				45121BBE1FBDDF4900778510 /* AppDelegate.swift in Sources */,
				45121BF11FBE020C00778510 /* PreviewViewController.swift in Sources */,
			);
			runOnlyForDeploymentPostprocessing = 0;
		};
		45121BCD1FBDDF4A00778510 /* Sources */ = {
			isa = PBXSourcesBuildPhase;
			buildActionMask = 2147483647;
			files = (
				45121BD61FBDDF4A00778510 /* CustomCameraTests.swift in Sources */,
			);
			runOnlyForDeploymentPostprocessing = 0;
		};
		45121BD81FBDDF4A00778510 /* Sources */ = {
			isa = PBXSourcesBuildPhase;
			buildActionMask = 2147483647;
			files = (
				45121BE11FBDDF4A00778510 /* CustomCameraUITests.swift in Sources */,
			);
			runOnlyForDeploymentPostprocessing = 0;
		};
/* End PBXSourcesBuildPhase section */

/* Begin PBXTargetDependency section */
		45121BD31FBDDF4A00778510 /* PBXTargetDependency */ = {
			isa = PBXTargetDependency;
			target = 45121BB91FBDDF4900778510 /* CustomCamera */;
			targetProxy = 45121BD21FBDDF4A00778510 /* PBXContainerItemProxy */;
		};
		45121BDE1FBDDF4A00778510 /* PBXTargetDependency */ = {
			isa = PBXTargetDependency;
			target = 45121BB91FBDDF4900778510 /* CustomCamera */;
			targetProxy = 45121BDD1FBDDF4A00778510 /* PBXContainerItemProxy */;
		};
/* End PBXTargetDependency section */

/* Begin PBXVariantGroup section */
		45121BC11FBDDF4A00778510 /* Main.storyboard */ = {
			isa = PBXVariantGroup;
			children = (
				45121BC21FBDDF4A00778510 /* Base */,
			);
			name = Main.storyboard;
			sourceTree = "<group>";
		};
		45121BC91FBDDF4A00778510 /* LaunchScreen.storyboard */ = {
			isa = PBXVariantGroup;
			children = (
				45121BCA1FBDDF4A00778510 /* Base */,
			);
			name = LaunchScreen.storyboard;
			sourceTree = "<group>";
		};
/* End PBXVariantGroup section */

/* Begin XCBuildConfiguration section */
		45121BE31FBDDF4A00778510 /* Debug */ = {
			isa = XCBuildConfiguration;
			buildSettings = {
				ALWAYS_SEARCH_USER_PATHS = NO;
				CLANG_ANALYZER_NONNULL = YES;
				CLANG_ANALYZER_NUMBER_OBJECT_CONVERSION = YES_AGGRESSIVE;
				CLANG_CXX_LANGUAGE_STANDARD = "gnu++14";
				CLANG_CXX_LIBRARY = "libc++";
				CLANG_ENABLE_MODULES = YES;
				CLANG_ENABLE_OBJC_ARC = YES;
				CLANG_WARN_BLOCK_CAPTURE_AUTORELEASING = YES;
				CLANG_WARN_BOOL_CONVERSION = YES;
				CLANG_WARN_COMMA = YES;
				CLANG_WARN_CONSTANT_CONVERSION = YES;
				CLANG_WARN_DIRECT_OBJC_ISA_USAGE = YES_ERROR;
				CLANG_WARN_DOCUMENTATION_COMMENTS = YES;
				CLANG_WARN_EMPTY_BODY = YES;
				CLANG_WARN_ENUM_CONVERSION = YES;
				CLANG_WARN_INFINITE_RECURSION = YES;
				CLANG_WARN_INT_CONVERSION = YES;
				CLANG_WARN_NON_LITERAL_NULL_CONVERSION = YES;
				CLANG_WARN_OBJC_LITERAL_CONVERSION = YES;
				CLANG_WARN_OBJC_ROOT_CLASS = YES_ERROR;
				CLANG_WARN_RANGE_LOOP_ANALYSIS = YES;
				CLANG_WARN_STRICT_PROTOTYPES = YES;
				CLANG_WARN_SUSPICIOUS_MOVE = YES;
				CLANG_WARN_UNGUARDED_AVAILABILITY = YES_AGGRESSIVE;
				CLANG_WARN_UNREACHABLE_CODE = YES;
				CLANG_WARN__DUPLICATE_METHOD_MATCH = YES;
				CODE_SIGN_IDENTITY = "iPhone Developer";
				COPY_PHASE_STRIP = NO;
				DEBUG_INFORMATION_FORMAT = dwarf;
				ENABLE_STRICT_OBJC_MSGSEND = YES;
				ENABLE_TESTABILITY = YES;
				GCC_C_LANGUAGE_STANDARD = gnu11;
				GCC_DYNAMIC_NO_PIC = NO;
				GCC_NO_COMMON_BLOCKS = YES;
				GCC_OPTIMIZATION_LEVEL = 0;
				GCC_PREPROCESSOR_DEFINITIONS = (
					"DEBUG=1",
					"$(inherited)",
				);
				GCC_WARN_64_TO_32_BIT_CONVERSION = YES;
				GCC_WARN_ABOUT_RETURN_TYPE = YES_ERROR;
				GCC_WARN_UNDECLARED_SELECTOR = YES;
				GCC_WARN_UNINITIALIZED_AUTOS = YES_AGGRESSIVE;
				GCC_WARN_UNUSED_FUNCTION = YES;
				GCC_WARN_UNUSED_VARIABLE = YES;
				IPHONEOS_DEPLOYMENT_TARGET = 11.1;
				MTL_ENABLE_DEBUG_INFO = YES;
				ONLY_ACTIVE_ARCH = YES;
				SDKROOT = iphoneos;
				SWIFT_ACTIVE_COMPILATION_CONDITIONS = DEBUG;
				SWIFT_OPTIMIZATION_LEVEL = "-Onone";
			};
			name = Debug;
		};
		45121BE41FBDDF4A00778510 /* Release */ = {
			isa = XCBuildConfiguration;
			buildSettings = {
				ALWAYS_SEARCH_USER_PATHS = NO;
				CLANG_ANALYZER_NONNULL = YES;
				CLANG_ANALYZER_NUMBER_OBJECT_CONVERSION = YES_AGGRESSIVE;
				CLANG_CXX_LANGUAGE_STANDARD = "gnu++14";
				CLANG_CXX_LIBRARY = "libc++";
				CLANG_ENABLE_MODULES = YES;
				CLANG_ENABLE_OBJC_ARC = YES;
				CLANG_WARN_BLOCK_CAPTURE_AUTORELEASING = YES;
				CLANG_WARN_BOOL_CONVERSION = YES;
				CLANG_WARN_COMMA = YES;
				CLANG_WARN_CONSTANT_CONVERSION = YES;
				CLANG_WARN_DIRECT_OBJC_ISA_USAGE = YES_ERROR;
				CLANG_WARN_DOCUMENTATION_COMMENTS = YES;
				CLANG_WARN_EMPTY_BODY = YES;
				CLANG_WARN_ENUM_CONVERSION = YES;
				CLANG_WARN_INFINITE_RECURSION = YES;
				CLANG_WARN_INT_CONVERSION = YES;
				CLANG_WARN_NON_LITERAL_NULL_CONVERSION = YES;
				CLANG_WARN_OBJC_LITERAL_CONVERSION = YES;
				CLANG_WARN_OBJC_ROOT_CLASS = YES_ERROR;
				CLANG_WARN_RANGE_LOOP_ANALYSIS = YES;
				CLANG_WARN_STRICT_PROTOTYPES = YES;
				CLANG_WARN_SUSPICIOUS_MOVE = YES;
				CLANG_WARN_UNGUARDED_AVAILABILITY = YES_AGGRESSIVE;
				CLANG_WARN_UNREACHABLE_CODE = YES;
				CLANG_WARN__DUPLICATE_METHOD_MATCH = YES;
				CODE_SIGN_IDENTITY = "iPhone Developer";
				COPY_PHASE_STRIP = NO;
				DEBUG_INFORMATION_FORMAT = "dwarf-with-dsym";
				ENABLE_NS_ASSERTIONS = NO;
				ENABLE_STRICT_OBJC_MSGSEND = YES;
				GCC_C_LANGUAGE_STANDARD = gnu11;
				GCC_NO_COMMON_BLOCKS = YES;
				GCC_WARN_64_TO_32_BIT_CONVERSION = YES;
				GCC_WARN_ABOUT_RETURN_TYPE = YES_ERROR;
				GCC_WARN_UNDECLARED_SELECTOR = YES;
				GCC_WARN_UNINITIALIZED_AUTOS = YES_AGGRESSIVE;
				GCC_WARN_UNUSED_FUNCTION = YES;
				GCC_WARN_UNUSED_VARIABLE = YES;
				IPHONEOS_DEPLOYMENT_TARGET = 11.1;
				MTL_ENABLE_DEBUG_INFO = NO;
				SDKROOT = iphoneos;
				SWIFT_OPTIMIZATION_LEVEL = "-Owholemodule";
				VALIDATE_PRODUCT = YES;
			};
			name = Release;
		};
		45121BE61FBDDF4A00778510 /* Debug */ = {
			isa = XCBuildConfiguration;
			buildSettings = {
				ASSETCATALOG_COMPILER_APPICON_NAME = AppIcon;
				CODE_SIGN_STYLE = Automatic;
				DEVELOPMENT_TEAM = 83SR592X38;
				INFOPLIST_FILE = CustomCamera/Info.plist;
				LD_RUNPATH_SEARCH_PATHS = "$(inherited) @executable_path/Frameworks";
				PRODUCT_BUNDLE_IDENTIFIER = com.isa.CustomCamera;
				PRODUCT_NAME = "$(TARGET_NAME)";
				SWIFT_VERSION = 4.0;
				TARGETED_DEVICE_FAMILY = "1,2";
			};
			name = Debug;
		};
		45121BE71FBDDF4A00778510 /* Release */ = {
			isa = XCBuildConfiguration;
			buildSettings = {
				ASSETCATALOG_COMPILER_APPICON_NAME = AppIcon;
				CODE_SIGN_STYLE = Automatic;
				DEVELOPMENT_TEAM = 83SR592X38;
				INFOPLIST_FILE = CustomCamera/Info.plist;
				LD_RUNPATH_SEARCH_PATHS = "$(inherited) @executable_path/Frameworks";
				PRODUCT_BUNDLE_IDENTIFIER = com.isa.CustomCamera;
				PRODUCT_NAME = "$(TARGET_NAME)";
				SWIFT_VERSION = 4.0;
				TARGETED_DEVICE_FAMILY = "1,2";
			};
			name = Release;
		};
		45121BE91FBDDF4A00778510 /* Debug */ = {
			isa = XCBuildConfiguration;
			buildSettings = {
				ALWAYS_EMBED_SWIFT_STANDARD_LIBRARIES = YES;
				BUNDLE_LOADER = "$(TEST_HOST)";
				CODE_SIGN_STYLE = Automatic;
				DEVELOPMENT_TEAM = 7FFN2SHW2X;
				INFOPLIST_FILE = CustomCameraTests/Info.plist;
				LD_RUNPATH_SEARCH_PATHS = "$(inherited) @executable_path/Frameworks @loader_path/Frameworks";
				PRODUCT_BUNDLE_IDENTIFIER = com.isa.CustomCameraTests;
				PRODUCT_NAME = "$(TARGET_NAME)";
				SWIFT_VERSION = 4.0;
				TARGETED_DEVICE_FAMILY = "1,2";
				TEST_HOST = "$(BUILT_PRODUCTS_DIR)/CustomCamera.app/CustomCamera";
			};
			name = Debug;
		};
		45121BEA1FBDDF4A00778510 /* Release */ = {
			isa = XCBuildConfiguration;
			buildSettings = {
				ALWAYS_EMBED_SWIFT_STANDARD_LIBRARIES = YES;
				BUNDLE_LOADER = "$(TEST_HOST)";
				CODE_SIGN_STYLE = Automatic;
				DEVELOPMENT_TEAM = 7FFN2SHW2X;
				INFOPLIST_FILE = CustomCameraTests/Info.plist;
				LD_RUNPATH_SEARCH_PATHS = "$(inherited) @executable_path/Frameworks @loader_path/Frameworks";
				PRODUCT_BUNDLE_IDENTIFIER = com.isa.CustomCameraTests;
				PRODUCT_NAME = "$(TARGET_NAME)";
				SWIFT_VERSION = 4.0;
				TARGETED_DEVICE_FAMILY = "1,2";
				TEST_HOST = "$(BUILT_PRODUCTS_DIR)/CustomCamera.app/CustomCamera";
			};
			name = Release;
		};
		45121BEC1FBDDF4A00778510 /* Debug */ = {
			isa = XCBuildConfiguration;
			buildSettings = {
				ALWAYS_EMBED_SWIFT_STANDARD_LIBRARIES = YES;
				CODE_SIGN_STYLE = Automatic;
				DEVELOPMENT_TEAM = 7FFN2SHW2X;
				INFOPLIST_FILE = CustomCameraUITests/Info.plist;
				LD_RUNPATH_SEARCH_PATHS = "$(inherited) @executable_path/Frameworks @loader_path/Frameworks";
				PRODUCT_BUNDLE_IDENTIFIER = com.isa.CustomCameraUITests;
				PRODUCT_NAME = "$(TARGET_NAME)";
				SWIFT_VERSION = 4.0;
				TARGETED_DEVICE_FAMILY = "1,2";
				TEST_TARGET_NAME = CustomCamera;
			};
			name = Debug;
		};
		45121BED1FBDDF4A00778510 /* Release */ = {
			isa = XCBuildConfiguration;
			buildSettings = {
				ALWAYS_EMBED_SWIFT_STANDARD_LIBRARIES = YES;
				CODE_SIGN_STYLE = Automatic;
				DEVELOPMENT_TEAM = 7FFN2SHW2X;
				INFOPLIST_FILE = CustomCameraUITests/Info.plist;
				LD_RUNPATH_SEARCH_PATHS = "$(inherited) @executable_path/Frameworks @loader_path/Frameworks";
				PRODUCT_BUNDLE_IDENTIFIER = com.isa.CustomCameraUITests;
				PRODUCT_NAME = "$(TARGET_NAME)";
				SWIFT_VERSION = 4.0;
				TARGETED_DEVICE_FAMILY = "1,2";
				TEST_TARGET_NAME = CustomCamera;
			};
			name = Release;
		};
/* End XCBuildConfiguration section */

/* Begin XCConfigurationList section */
		45121BB51FBDDF4900778510 /* Build configuration list for PBXProject "CustomCamera" */ = {
			isa = XCConfigurationList;
			buildConfigurations = (
				45121BE31FBDDF4A00778510 /* Debug */,
				45121BE41FBDDF4A00778510 /* Release */,
			);
			defaultConfigurationIsVisible = 0;
			defaultConfigurationName = Release;
		};
		45121BE51FBDDF4A00778510 /* Build configuration list for PBXNativeTarget "CustomCamera" */ = {
			isa = XCConfigurationList;
			buildConfigurations = (
				45121BE61FBDDF4A00778510 /* Debug */,
				45121BE71FBDDF4A00778510 /* Release */,
			);
			defaultConfigurationIsVisible = 0;
			defaultConfigurationName = Release;
		};
		45121BE81FBDDF4A00778510 /* Build configuration list for PBXNativeTarget "CustomCameraTests" */ = {
			isa = XCConfigurationList;
			buildConfigurations = (
				45121BE91FBDDF4A00778510 /* Debug */,
				45121BEA1FBDDF4A00778510 /* Release */,
			);
			defaultConfigurationIsVisible = 0;
			defaultConfigurationName = Release;
		};
		45121BEB1FBDDF4A00778510 /* Build configuration list for PBXNativeTarget "CustomCameraUITests" */ = {
			isa = XCConfigurationList;
			buildConfigurations = (
				45121BEC1FBDDF4A00778510 /* Debug */,
				45121BED1FBDDF4A00778510 /* Release */,
			);
			defaultConfigurationIsVisible = 0;
			defaultConfigurationName = Release;
		};
/* End XCConfigurationList section */

/* Begin XCVersionGroup section */
		45121BC41FBDDF4A00778510 /* CustomCamera.xcdatamodeld */ = {
			isa = XCVersionGroup;
			children = (
				45121BC51FBDDF4A00778510 /* CustomCamera.xcdatamodel */,
			);
			currentVersion = 45121BC51FBDDF4A00778510 /* CustomCamera.xcdatamodel */;
			path = CustomCamera.xcdatamodeld;
			sourceTree = "<group>";
			versionGroupType = wrapper.xcdatamodel;
		};
/* End XCVersionGroup section */
	};
	rootObject = 45121BB21FBDDF4900778510 /* Project object */;
}
